
Microsoft Visual Studio Solution File, Format Version 12.00
# Visual Studio 14
VisualStudioVersion = 14.0.25420.1
MinimumVisualStudioVersion = 10.0.40219.1
Project("{2150E333-8FDC-42A3-9474-1A3956D46DE8}") = "LinearFitting", "LinearFitting", "{72376596-DBDC-4892-8459-80F78E50F270}"
EndProject
Project("{2150E333-8FDC-42A3-9474-1A3956D46DE8}") = "ExponentialFitting", "ExponentialFitting", "{7CB0BEE2-8620-40F0-A1D7-370EAD337094}"
EndProject
Project("{2150E333-8FDC-42A3-9474-1A3956D46DE8}") = "PolynomialFitting", "PolynomialFitting", "{D68DDE87-0FB8-4CAC-83E0-56047400FBB0}"
EndProject
Project("{FAE04EC0-301F-11D3-BF4B-00C04F79EFBC}") = "Winform ExponentialFitting", "Curvefitting\ExponentialFitting\Winform ExponentialFitting.csproj", "{1758F00D-533F-4134-AF73-E29B10975191}"
EndProject
Project("{FAE04EC0-301F-11D3-BF4B-00C04F79EFBC}") = "Winform LinearFitting", "Curvefitting\LinearFitting\Winform LinearFitting.csproj", "{15E85B5F-47B1-4841-B9CC-2768C194B7DE}"
EndProject
Project("{FAE04EC0-301F-11D3-BF4B-00C04F79EFBC}") = "Winform PolynomialFitting", "Curvefitting\PolynomialFitting\Winform PolynomialFitting.csproj", "{3B9298D9-6C4C-42B7-AAFA-00A9D8CB036F}"
EndProject
Project("{2150E333-8FDC-42A3-9474-1A3956D46DE8}") = "Curvefitting", "Curvefitting", "{F5B8D0EC-F5DE-4EF2-A06D-F26A04CADDDE}"
EndProject
Project("{2150E333-8FDC-42A3-9474-1A3956D46DE8}") = "ProbabilityStatistics", "ProbabilityStatistics", "{16866727-F24C-4B27-AF0C-FAE61B4A920F}"
EndProject
Project("{2150E333-8FDC-42A3-9474-1A3956D46DE8}") = "Histogram", "Histogram", "{E9C3E5E0-3A80-470F-9E63-B961AD2A1921}"
EndProject
Project("{FAE04EC0-301F-11D3-BF4B-00C04F79EFBC}") = "Winform Histogram", "ProbabilityStatistics\Histogram\Winform Histogram.csproj", "{EECB518F-9EB3-4B50-A8B6-E188A2EF232C}"
EndProject
Project("{2150E333-8FDC-42A3-9474-1A3956D46DE8}") = "Mean", "Mean", "{01F8AB53-4A62-45A1-84C2-A0E8C774A007}"
EndProject
Project("{FAE04EC0-301F-11D3-BF4B-00C04F79EFBC}") = "Winform Mean", "ProbabilityStatistics\Mean\Winform Mean.csproj", "{42EE2374-9944-45EA-9C32-5ED26ED5DEC0}"
EndProject
Project("{2150E333-8FDC-42A3-9474-1A3956D46DE8}") = "MeanSquaredError", "MeanSquaredError", "{90103CB5-D6E2-4ECC-8217-93643F2937E7}"
EndProject
Project("{FAE04EC0-301F-11D3-BF4B-00C04F79EFBC}") = "Winform MeanSquaredError", "ProbabilityStatistics\MeanSquaredError\Winform MeanSquaredError.csproj", "{7BBDBA0F-F0E1-442B-81F0-27F5CAC0F758}"
EndProject
Project("{2150E333-8FDC-42A3-9474-1A3956D46DE8}") = "Median", "Median", "{7DC7E36A-0F58-47F4-9271-5B4EFABC5ECF}"
EndProject
Project("{FAE04EC0-301F-11D3-BF4B-00C04F79EFBC}") = "Winform Median", "ProbabilityStatistics\Median\Winform Median.csproj", "{E2564310-E5FA-439A-ABFA-CF1B00E45F1B}"
EndProject
Project("{2150E333-8FDC-42A3-9474-1A3956D46DE8}") = "Mode", "Mode", "{1F4C8276-1F60-41D1-897F-ABA91F98BEE4}"
EndProject
Project("{FAE04EC0-301F-11D3-BF4B-00C04F79EFBC}") = "Winform Mode", "ProbabilityStatistics\Mode\Winform Mode.csproj", "{8E54EE02-AADC-4EE2-B704-FC97A9A50733}"
EndProject
Project("{2150E333-8FDC-42A3-9474-1A3956D46DE8}") = "RootMeanSquare", "RootMeanSquare", "{7454A3CF-25ED-4766-AB4D-6F2AD7137A02}"
EndProject
Project("{FAE04EC0-301F-11D3-BF4B-00C04F79EFBC}") = "Winform RootMeanSquare", "ProbabilityStatistics\RootMeanSquare\Winform RootMeanSquare.csproj", "{3FC480B0-20E4-4C66-8456-7A225B366262}"
EndProject
Project("{2150E333-8FDC-42A3-9474-1A3956D46DE8}") = "StandardDeviation", "StandardDeviation", "{718230E0-E49C-4453-A543-B0F4A5C11659}"
EndProject
Project("{FAE04EC0-301F-11D3-BF4B-00C04F79EFBC}") = "Winform StandardDeviation", "ProbabilityStatistics\StandardDeviation\Winform StandardDeviation.csproj", "{24B95157-02CA-4A05-A388-3E1F18BBBF01}"
EndProject
Project("{2150E333-8FDC-42A3-9474-1A3956D46DE8}") = "Variance", "Variance", "{0B49B1DF-8A13-4832-8951-30723EDF922B}"
EndProject
Project("{FAE04EC0-301F-11D3-BF4B-00C04F79EFBC}") = "Winform Variance", "ProbabilityStatistics\Variance\Winform Variance.csproj", "{B555D1A1-E0B2-48E7-BF75-41B4614623B8}"
EndProject
Project("{2150E333-8FDC-42A3-9474-1A3956D46DE8}") = "MultiFunction", "MultiFunction", "{366CA00F-5BEA-4190-9A3B-A8A11BB142D5}"
EndProject
Project("{FAE04EC0-301F-11D3-BF4B-00C04F79EFBC}") = "Winform MultiFunction", "ProbabilityStatistics\Winform MultiFunction\Winform MultiFunction.csproj", "{D53C61CE-BEF5-47F5-9991-4954D681CA88}"
EndProject
Global
	GlobalSection(SolutionConfigurationPlatforms) = preSolution
		Debug|Any CPU = Debug|Any CPU
		Release|Any CPU = Release|Any CPU
	EndGlobalSection
	GlobalSection(ProjectConfigurationPlatforms) = postSolution
		{1758F00D-533F-4134-AF73-E29B10975191}.Debug|Any CPU.ActiveCfg = Debug|Any CPU
		{1758F00D-533F-4134-AF73-E29B10975191}.Debug|Any CPU.Build.0 = Debug|Any CPU
		{1758F00D-533F-4134-AF73-E29B10975191}.Release|Any CPU.ActiveCfg = Release|Any CPU
		{1758F00D-533F-4134-AF73-E29B10975191}.Release|Any CPU.Build.0 = Release|Any CPU
		{15E85B5F-47B1-4841-B9CC-2768C194B7DE}.Debug|Any CPU.ActiveCfg = Debug|Any CPU
		{15E85B5F-47B1-4841-B9CC-2768C194B7DE}.Debug|Any CPU.Build.0 = Debug|Any CPU
		{15E85B5F-47B1-4841-B9CC-2768C194B7DE}.Release|Any CPU.ActiveCfg = Release|Any CPU
		{15E85B5F-47B1-4841-B9CC-2768C194B7DE}.Release|Any CPU.Build.0 = Release|Any CPU
		{3B9298D9-6C4C-42B7-AAFA-00A9D8CB036F}.Debug|Any CPU.ActiveCfg = Debug|Any CPU
		{3B9298D9-6C4C-42B7-AAFA-00A9D8CB036F}.Debug|Any CPU.Build.0 = Debug|Any CPU
		{3B9298D9-6C4C-42B7-AAFA-00A9D8CB036F}.Release|Any CPU.ActiveCfg = Release|Any CPU
		{3B9298D9-6C4C-42B7-AAFA-00A9D8CB036F}.Release|Any CPU.Build.0 = Release|Any CPU
		{EECB518F-9EB3-4B50-A8B6-E188A2EF232C}.Debug|Any CPU.ActiveCfg = Debug|Any CPU
		{EECB518F-9EB3-4B50-A8B6-E188A2EF232C}.Debug|Any CPU.Build.0 = Debug|Any CPU
		{EECB518F-9EB3-4B50-A8B6-E188A2EF232C}.Release|Any CPU.ActiveCfg = Release|Any CPU
		{EECB518F-9EB3-4B50-A8B6-E188A2EF232C}.Release|Any CPU.Build.0 = Release|Any CPU
		{42EE2374-9944-45EA-9C32-5ED26ED5DEC0}.Debug|Any CPU.ActiveCfg = Debug|Any CPU
		{42EE2374-9944-45EA-9C32-5ED26ED5DEC0}.Debug|Any CPU.Build.0 = Debug|Any CPU
		{42EE2374-9944-45EA-9C32-5ED26ED5DEC0}.Release|Any CPU.ActiveCfg = Release|Any CPU
		{42EE2374-9944-45EA-9C32-5ED26ED5DEC0}.Release|Any CPU.Build.0 = Release|Any CPU
		{7BBDBA0F-F0E1-442B-81F0-27F5CAC0F758}.Debug|Any CPU.ActiveCfg = Debug|Any CPU
		{7BBDBA0F-F0E1-442B-81F0-27F5CAC0F758}.Debug|Any CPU.Build.0 = Debug|Any CPU
		{7BBDBA0F-F0E1-442B-81F0-27F5CAC0F758}.Release|Any CPU.ActiveCfg = Release|Any CPU
		{7BBDBA0F-F0E1-442B-81F0-27F5CAC0F758}.Release|Any CPU.Build.0 = Release|Any CPU
		{E2564310-E5FA-439A-ABFA-CF1B00E45F1B}.Debug|Any CPU.ActiveCfg = Debug|Any CPU
		{E2564310-E5FA-439A-ABFA-CF1B00E45F1B}.Debug|Any CPU.Build.0 = Debug|Any CPU
		{E2564310-E5FA-439A-ABFA-CF1B00E45F1B}.Release|Any CPU.ActiveCfg = Release|Any CPU
		{E2564310-E5FA-439A-ABFA-CF1B00E45F1B}.Release|Any CPU.Build.0 = Release|Any CPU
		{8E54EE02-AADC-4EE2-B704-FC97A9A50733}.Debug|Any CPU.ActiveCfg = Debug|Any CPU
		{8E54EE02-AADC-4EE2-B704-FC97A9A50733}.Debug|Any CPU.Build.0 = Debug|Any CPU
		{8E54EE02-AADC-4EE2-B704-FC97A9A50733}.Release|Any CPU.ActiveCfg = Release|Any CPU
		{8E54EE02-AADC-4EE2-B704-FC97A9A50733}.Release|Any CPU.Build.0 = Release|Any CPU
		{3FC480B0-20E4-4C66-8456-7A225B366262}.Debug|Any CPU.ActiveCfg = Debug|Any CPU
		{3FC480B0-20E4-4C66-8456-7A225B366262}.Debug|Any CPU.Build.0 = Debug|Any CPU
		{3FC480B0-20E4-4C66-8456-7A225B366262}.Release|Any CPU.ActiveCfg = Release|Any CPU
		{3FC480B0-20E4-4C66-8456-7A225B366262}.Release|Any CPU.Build.0 = Release|Any CPU
		{24B95157-02CA-4A05-A388-3E1F18BBBF01}.Debug|Any CPU.ActiveCfg = Debug|Any CPU
		{24B95157-02CA-4A05-A388-3E1F18BBBF01}.Debug|Any CPU.Build.0 = Debug|Any CPU
		{24B95157-02CA-4A05-A388-3E1F18BBBF01}.Release|Any CPU.ActiveCfg = Release|Any CPU
		{24B95157-02CA-4A05-A388-3E1F18BBBF01}.Release|Any CPU.Build.0 = Release|Any CPU
		{B555D1A1-E0B2-48E7-BF75-41B4614623B8}.Debug|Any CPU.ActiveCfg = Debug|Any CPU
		{B555D1A1-E0B2-48E7-BF75-41B4614623B8}.Debug|Any CPU.Build.0 = Debug|Any CPU
		{B555D1A1-E0B2-48E7-BF75-41B4614623B8}.Release|Any CPU.ActiveCfg = Release|Any CPU
		{B555D1A1-E0B2-48E7-BF75-41B4614623B8}.Release|Any CPU.Build.0 = Release|Any CPU
		{D53C61CE-BEF5-47F5-9991-4954D681CA88}.Debug|Any CPU.ActiveCfg = Debug|Any CPU
		{D53C61CE-BEF5-47F5-9991-4954D681CA88}.Debug|Any CPU.Build.0 = Debug|Any CPU
		{D53C61CE-BEF5-47F5-9991-4954D681CA88}.Release|Any CPU.ActiveCfg = Release|Any CPU
		{D53C61CE-BEF5-47F5-9991-4954D681CA88}.Release|Any CPU.Build.0 = Release|Any CPU
	EndGlobalSection
	GlobalSection(SolutionProperties) = preSolution
		HideSolutionNode = FALSE
	EndGlobalSection
	GlobalSection(NestedProjects) = preSolution
		{72376596-DBDC-4892-8459-80F78E50F270} = {F5B8D0EC-F5DE-4EF2-A06D-F26A04CADDDE}
		{7CB0BEE2-8620-40F0-A1D7-370EAD337094} = {F5B8D0EC-F5DE-4EF2-A06D-F26A04CADDDE}
		{D68DDE87-0FB8-4CAC-83E0-56047400FBB0} = {F5B8D0EC-F5DE-4EF2-A06D-F26A04CADDDE}
		{1758F00D-533F-4134-AF73-E29B10975191} = {7CB0BEE2-8620-40F0-A1D7-370EAD337094}
		{15E85B5F-47B1-4841-B9CC-2768C194B7DE} = {72376596-DBDC-4892-8459-80F78E50F270}
		{3B9298D9-6C4C-42B7-AAFA-00A9D8CB036F} = {D68DDE87-0FB8-4CAC-83E0-56047400FBB0}
		{E9C3E5E0-3A80-470F-9E63-B961AD2A1921} = {16866727-F24C-4B27-AF0C-FAE61B4A920F}
		{EECB518F-9EB3-4B50-A8B6-E188A2EF232C} = {E9C3E5E0-3A80-470F-9E63-B961AD2A1921}
		{01F8AB53-4A62-45A1-84C2-A0E8C774A007} = {16866727-F24C-4B27-AF0C-FAE61B4A920F}
		{42EE2374-9944-45EA-9C32-5ED26ED5DEC0} = {01F8AB53-4A62-45A1-84C2-A0E8C774A007}
		{90103CB5-D6E2-4ECC-8217-93643F2937E7} = {16866727-F24C-4B27-AF0C-FAE61B4A920F}
		{7BBDBA0F-F0E1-442B-81F0-27F5CAC0F758} = {90103CB5-D6E2-4ECC-8217-93643F2937E7}
		{7DC7E36A-0F58-47F4-9271-5B4EFABC5ECF} = {16866727-F24C-4B27-AF0C-FAE61B4A920F}
		{E2564310-E5FA-439A-ABFA-CF1B00E45F1B} = {7DC7E36A-0F58-47F4-9271-5B4EFABC5ECF}
		{1F4C8276-1F60-41D1-897F-ABA91F98BEE4} = {16866727-F24C-4B27-AF0C-FAE61B4A920F}
		{8E54EE02-AADC-4EE2-B704-FC97A9A50733} = {1F4C8276-1F60-41D1-897F-ABA91F98BEE4}
		{7454A3CF-25ED-4766-AB4D-6F2AD7137A02} = {16866727-F24C-4B27-AF0C-FAE61B4A920F}
		{3FC480B0-20E4-4C66-8456-7A225B366262} = {7454A3CF-25ED-4766-AB4D-6F2AD7137A02}
		{718230E0-E49C-4453-A543-B0F4A5C11659} = {16866727-F24C-4B27-AF0C-FAE61B4A920F}
		{24B95157-02CA-4A05-A388-3E1F18BBBF01} = {718230E0-E49C-4453-A543-B0F4A5C11659}
		{0B49B1DF-8A13-4832-8951-30723EDF922B} = {16866727-F24C-4B27-AF0C-FAE61B4A920F}
		{B555D1A1-E0B2-48E7-BF75-41B4614623B8} = {0B49B1DF-8A13-4832-8951-30723EDF922B}
		{366CA00F-5BEA-4190-9A3B-A8A11BB142D5} = {16866727-F24C-4B27-AF0C-FAE61B4A920F}
		{D53C61CE-BEF5-47F5-9991-4954D681CA88} = {366CA00F-5BEA-4190-9A3B-A8A11BB142D5}
	EndGlobalSection
EndGlobal
