
Microsoft Visual Studio Solution File, Format Version 12.00
# Visual Studio Version 17
VisualStudioVersion = 17.0.32112.339
MinimumVisualStudioVersion = 10.0.40219.1
Project("{2150E333-8FDC-42A3-9474-1A3956D46DE8}") = "File IO", "File IO", "{D50A5F5E-254D-434B-9161-D9AD6D04F71C}"
EndProject
Project("{2150E333-8FDC-42A3-9474-1A3956D46DE8}") = "Multimedia", "Multimedia", "{C6B208BF-13D8-4716-B836-947C272C779B}"
EndProject
Project("{2150E333-8FDC-42A3-9474-1A3956D46DE8}") = "MP3", "MP3", "{A7EE3E9D-2A1D-4281-93F5-DF3FD7EE8101}"
EndProject
Project("{FAE04EC0-301F-11D3-BF4B-00C04F79EFBC}") = "MP3 Encoder Library", "Multimedia\MP3\MP3 Encoder\MP3 Encoder Library.csproj", "{690A6CF8-FB25-4AB4-972A-8DBF075AD20A}"
EndProject
Project("{FAE04EC0-301F-11D3-BF4B-00C04F79EFBC}") = "MP3 Encoder Test Console", "Multimedia\MP3\MP3 Encoder Test Console\MP3 Encoder Test Console.csproj", "{AD89F3CF-DE9F-4BEE-949A-67C8237BC034}"
EndProject
Project("{2150E333-8FDC-42A3-9474-1A3956D46DE8}") = "IQ FIle", "IQ FIle", "{2C06375B-7587-4FC8-AAD9-5E06B1E28E12}"
EndProject
Project("{2150E333-8FDC-42A3-9474-1A3956D46DE8}") = "Wav File", "Wav File", "{8EBD0A30-B0DC-4F20-9D19-AEA3C4CCCE8E}"
EndProject
Project("{FAE04EC0-301F-11D3-BF4B-00C04F79EFBC}") = "Wav File Library", "File IO\Wav File\Wav File Library\Wav File Library.csproj", "{BD331CAC-E41A-4DD1-A64C-DBB0980F43BE}"
EndProject
Project("{FAE04EC0-301F-11D3-BF4B-00C04F79EFBC}") = "Wav File Generator Test Panel", "File IO\Wav File\Wav File Generator Test Panel\Wav File Generator Test Panel.csproj", "{4FAEA3BB-11B7-4F67-A647-2DEE3D1EEDF2}"
EndProject
Project("{FAE04EC0-301F-11D3-BF4B-00C04F79EFBC}") = "Wav File Reader Test Panel", "File IO\Wav File\Wav File Reader Test Panel\Wav File Reader Test Panel.csproj", "{DECCA851-1D33-4B2B-8DC7-FFBC310E508B}"
EndProject
Project("{FAE04EC0-301F-11D3-BF4B-00C04F79EFBC}") = "IQ File Library", "File IO\IQ File\IQ File Library\IQ File Library.csproj", "{324D642A-7F8F-452B-999D-5E4EC43FCB61}"
EndProject
Project("{FAE04EC0-301F-11D3-BF4B-00C04F79EFBC}") = "IQ File Read Example", "File IO\IQ File\IQ File Example\IQ File Read Example\IQ File Read Example.csproj", "{5628C460-E25A-45FC-B389-F35746EFC62F}"
EndProject
Project("{2150E333-8FDC-42A3-9474-1A3956D46DE8}") = "Numerics", "Numerics", "{83207863-73F9-4429-8D12-21A7D1FCB21A}"
EndProject
Project("{FAE04EC0-301F-11D3-BF4B-00C04F79EFBC}") = "Numerics Library", "Numerics\Numerics Library\Numerics Library.csproj", "{8883E73E-50D5-48A4-A994-A5E708DB4B2D}"
EndProject
Project("{2150E333-8FDC-42A3-9474-1A3956D46DE8}") = "Mathematics", "Mathematics", "{F4C92450-9447-4A84-B244-BDAE7BFD32FA}"
EndProject
Project("{FAE04EC0-301F-11D3-BF4B-00C04F79EFBC}") = "SeeSharpTools.JXI.Mathematics", "Mathematics\Source\SeeSharpTools.JXI.Mathematics\SeeSharpTools.JXI.Mathematics.csproj", "{CDD8C7E9-D5F0-443B-B0F5-8CA6B74F758A}"
EndProject
Project("{FAE04EC0-301F-11D3-BF4B-00C04F79EFBC}") = "SeeSharpTools.JXI.MathematicsTests", "Mathematics\Source\SeeSharpTools.JXI.MathematicsTests\SeeSharpTools.JXI.MathematicsTests.csproj", "{ECC0AC14-1021-426D-A266-C28B12DC2368}"
EndProject
Project("{2150E333-8FDC-42A3-9474-1A3956D46DE8}") = "Source", "Source", "{408C35D1-5CCB-490A-A64A-A997258075DD}"
EndProject
Project("{2150E333-8FDC-42A3-9474-1A3956D46DE8}") = "Example", "Example", "{3D3F0A8C-E6DE-4738-A9F5-247F714A28E1}"
EndProject
Project("{2150E333-8FDC-42A3-9474-1A3956D46DE8}") = "UnitTest", "UnitTest", "{652109D0-FD77-469C-A213-28B8A90A2162}"
EndProject
Project("{FAE04EC0-301F-11D3-BF4B-00C04F79EFBC}") = "Winform ExponentialFitting", "Mathematics\Example\Curvefitting\ExponentialFitting\Winform ExponentialFitting.csproj", "{1758F00D-533F-4134-AF73-E29B10975191}"
EndProject
Project("{FAE04EC0-301F-11D3-BF4B-00C04F79EFBC}") = "Winform LinearFitting", "Mathematics\Example\Curvefitting\LinearFitting\Winform LinearFitting.csproj", "{15E85B5F-47B1-4841-B9CC-2768C194B7DE}"
EndProject
Project("{FAE04EC0-301F-11D3-BF4B-00C04F79EFBC}") = "Winform PolynomialFitting", "Mathematics\Example\Curvefitting\PolynomialFitting\Winform PolynomialFitting.csproj", "{3B9298D9-6C4C-42B7-AAFA-00A9D8CB036F}"
EndProject
Project("{2150E333-8FDC-42A3-9474-1A3956D46DE8}") = "Curvefitting", "Curvefitting", "{728B34EC-80A7-49C0-815F-A77449F00DB5}"
EndProject
Project("{2150E333-8FDC-42A3-9474-1A3956D46DE8}") = "ProbabilityStatistics", "ProbabilityStatistics", "{1867C9BD-68D8-47CF-B6B0-B797F06FDDF1}"
EndProject
Project("{FAE04EC0-301F-11D3-BF4B-00C04F79EFBC}") = "Winform Histogram", "Mathematics\Example\ProbabilityStatistics\Histogram\Winform Histogram.csproj", "{EECB518F-9EB3-4B50-A8B6-E188A2EF232C}"
EndProject
Project("{FAE04EC0-301F-11D3-BF4B-00C04F79EFBC}") = "Winform Mean", "Mathematics\Example\ProbabilityStatistics\Mean\Winform Mean.csproj", "{42EE2374-9944-45EA-9C32-5ED26ED5DEC0}"
EndProject
Project("{FAE04EC0-301F-11D3-BF4B-00C04F79EFBC}") = "Winform MeanSquaredError", "Mathematics\Example\ProbabilityStatistics\MeanSquaredError\Winform MeanSquaredError.csproj", "{7BBDBA0F-F0E1-442B-81F0-27F5CAC0F758}"
EndProject
Project("{FAE04EC0-301F-11D3-BF4B-00C04F79EFBC}") = "Winform Median", "Mathematics\Example\ProbabilityStatistics\Median\Winform Median.csproj", "{E2564310-E5FA-439A-ABFA-CF1B00E45F1B}"
EndProject
Project("{FAE04EC0-301F-11D3-BF4B-00C04F79EFBC}") = "Winform Mode", "Mathematics\Example\ProbabilityStatistics\Mode\Winform Mode.csproj", "{8E54EE02-AADC-4EE2-B704-FC97A9A50733}"
EndProject
Project("{FAE04EC0-301F-11D3-BF4B-00C04F79EFBC}") = "Winform RootMeanSquare", "Mathematics\Example\ProbabilityStatistics\RootMeanSquare\Winform RootMeanSquare.csproj", "{3FC480B0-20E4-4C66-8456-7A225B366262}"
EndProject
Project("{FAE04EC0-301F-11D3-BF4B-00C04F79EFBC}") = "Winform StandardDeviation", "Mathematics\Example\ProbabilityStatistics\StandardDeviation\Winform StandardDeviation.csproj", "{24B95157-02CA-4A05-A388-3E1F18BBBF01}"
EndProject
Project("{FAE04EC0-301F-11D3-BF4B-00C04F79EFBC}") = "Winform Variance", "Mathematics\Example\ProbabilityStatistics\Variance\Winform Variance.csproj", "{B555D1A1-E0B2-48E7-BF75-41B4614623B8}"
EndProject
Project("{FAE04EC0-301F-11D3-BF4B-00C04F79EFBC}") = "Winform MultiFunction", "Mathematics\Example\ProbabilityStatistics\Winform MultiFunction\Winform MultiFunction.csproj", "{D53C61CE-BEF5-47F5-9991-4954D681CA88}"
EndProject
Project("{2150E333-8FDC-42A3-9474-1A3956D46DE8}") = "Signal Processing", "Signal Processing", "{7E8122E8-3F81-49F4-BD91-0B7BF62A7AD7}"
EndProject
Project("{2150E333-8FDC-42A3-9474-1A3956D46DE8}") = "Source", "Source", "{2A85B54F-313A-47FF-A2C0-7C0EB8D3A433}"
EndProject
Project("{2150E333-8FDC-42A3-9474-1A3956D46DE8}") = "Example", "Example", "{8FFD8F65-CCD7-4546-9A37-70D27016A84D}"
EndProject
Project("{2150E333-8FDC-42A3-9474-1A3956D46DE8}") = "UnitTest", "UnitTest", "{05361F43-57E3-4E6E-A6F7-44963AD7FE49}"
EndProject
Project("{FAE04EC0-301F-11D3-BF4B-00C04F79EFBC}") = "SeeSharpTools.JXI.SignalProcessing", "Signal Processing\Source\SeeSharpTools.JXI.SignalProcessing.csproj", "{E7208270-5885-4739-9582-A40B3F2A4256}"
EndProject
Project("{FAE04EC0-301F-11D3-BF4B-00C04F79EFBC}") = "SeeSharpTools.JXI.SignalProcessingTests", "Signal Processing\UnitTest\SeeSharpTools.JXI.SignalProcessingTests.csproj", "{AB24F6A9-6514-4F09-BD5A-C22F6942B994}"
EndProject
Project("{2150E333-8FDC-42A3-9474-1A3956D46DE8}") = "Conditioning", "Conditioning", "{23EA543C-24E9-460C-9D36-B72FB3F06094}"
EndProject
Project("{2150E333-8FDC-42A3-9474-1A3956D46DE8}") = "FIRFilter Winform", "FIRFilter Winform", "{8D64AA41-21F2-4CB5-AF1C-D66C94A8770A}"
EndProject
Project("{2150E333-8FDC-42A3-9474-1A3956D46DE8}") = "IIRFilter Winform", "IIRFilter Winform", "{88A2F315-4AF3-4AEE-BC7B-D7229415F9FE}"
EndProject
Project("{2150E333-8FDC-42A3-9474-1A3956D46DE8}") = "EasyResample", "EasyResample", "{795FF90C-8D11-4D8C-B52F-B13D5EEFD91C}"
EndProject
Project("{2150E333-8FDC-42A3-9474-1A3956D46DE8}") = "Generation", "Generation", "{44E8AC92-84BD-404E-A916-B4BC639F48E0}"
EndProject
Project("{2150E333-8FDC-42A3-9474-1A3956D46DE8}") = "JTFA", "JTFA", "{FB511279-CBB6-482D-8936-6E2037D86594}"
EndProject
Project("{2150E333-8FDC-42A3-9474-1A3956D46DE8}") = "Measurement", "Measurement", "{98E249C9-1D63-49B9-9299-6C52DC290C43}"
EndProject
Project("{2150E333-8FDC-42A3-9474-1A3956D46DE8}") = "SpectrumAnalysis", "SpectrumAnalysis", "{6C39F7CE-A125-4CB1-874A-E6483BFE2ACC}"
EndProject
Project("{2150E333-8FDC-42A3-9474-1A3956D46DE8}") = "Synchronization", "Synchronization", "{35B05F48-7E7D-4B54-8E87-C0682C350B07}"
EndProject
Project("{FAE04EC0-301F-11D3-BF4B-00C04F79EFBC}") = "Winform FIRFilter", "Signal Processing\Example\Conditioning\FIRFilter Winform\Winform FIRFilter.csproj", "{F0B69098-56F1-477D-A0D3-3C3F94732F8F}"
EndProject
Project("{FAE04EC0-301F-11D3-BF4B-00C04F79EFBC}") = "Winform IIRFilter", "Signal Processing\Example\Conditioning\IIRFilter Winform\Winform IIRFilter.csproj", "{968743A2-EB22-4DEC-9DAB-F7B225016E9C}"
EndProject
Project("{FAE04EC0-301F-11D3-BF4B-00C04F79EFBC}") = "Winform Resample", "Signal Processing\Example\EasyResample\Resample Winform\Winform Resample.csproj", "{2559834D-3AEB-45A7-B7F2-6477D8D07D7C}"
EndProject
Project("{FAE04EC0-301F-11D3-BF4B-00C04F79EFBC}") = "Winform GaussianWhiteNoise", "Signal Processing\Example\Generation\GaussianWhiteNoise Winform\Winform GaussianWhiteNoise.csproj", "{D5E5C4D6-22D6-472F-9630-51F9963CE414}"
EndProject
Project("{FAE04EC0-301F-11D3-BF4B-00C04F79EFBC}") = "Winform Spectrum", "Signal Processing\Example\SpectrumAnalysis\Winform Spectrum.csproj", "{9F19511B-094E-43DC-8C8E-96A751EC175D}"
EndProject
Project("{FAE04EC0-301F-11D3-BF4B-00C04F79EFBC}") = "Winform Synchronization", "Signal Processing\Example\Synchronization\Synchronization Winform\Winform Synchronization.csproj", "{0A4F3735-3A7D-4158-A983-A8CA9314DD96}"
EndProject
Project("{2150E333-8FDC-42A3-9474-1A3956D46DE8}") = "FrequencyResponseFunction", "FrequencyResponseFunction", "{81C90ED6-0EA7-43E7-9236-4B34BD7CB1A4}"
EndProject
Project("{2150E333-8FDC-42A3-9474-1A3956D46DE8}") = "HarmonicAnalysis", "HarmonicAnalysis", "{E50FE43D-66D5-45D4-9531-C1A1F19D47D1}"
EndProject
Project("{2150E333-8FDC-42A3-9474-1A3956D46DE8}") = "SquarewaveMeasurements", "SquarewaveMeasurements", "{63D326EC-8F46-4DE9-8E00-01381BCFA658}"
EndProject
Project("{2150E333-8FDC-42A3-9474-1A3956D46DE8}") = "ThirdOctaveAnalysis", "ThirdOctaveAnalysis", "{BD8166C7-DB35-473E-A341-36765F8499B6}"
EndProject
Project("{FAE04EC0-301F-11D3-BF4B-00C04F79EFBC}") = "Winform FrequencyResponseFunction", "Signal Processing\Example\Measurement\FrequencyResponseFunction\Winform FrequencyResponseFunction.csproj", "{53FE648B-AEAB-4226-AC8E-33E5CF1D2636}"
EndProject
Project("{FAE04EC0-301F-11D3-BF4B-00C04F79EFBC}") = "Winform HarmonicAnalysis", "Signal Processing\Example\Measurement\HarmonicAnalysis\Winform HarmonicAnalysis.csproj", "{9CBFD90A-DBB6-445A-B679-FC7AB3523651}"
EndProject
Project("{FAE04EC0-301F-11D3-BF4B-00C04F79EFBC}") = "Winform SquarewaveMeasurements", "Signal Processing\Example\Measurement\SquarewaveMeasurements\Winform SquarewaveMeasurements.csproj", "{FB5FF879-2053-419F-8694-78CB547F7950}"
EndProject
Project("{FAE04EC0-301F-11D3-BF4B-00C04F79EFBC}") = "Winform ThirdOctaveAnalysis", "Signal Processing\Example\Measurement\ThirdOctaveAnalysis\Winform ThirdOctaveAnalysis.csproj", "{57540C2F-D50A-4E18-A77C-8505044A78E2}"
EndProject
Project("{2150E333-8FDC-42A3-9474-1A3956D46DE8}") = "Vector File", "Vector File", "{5D57515F-35A2-42C5-B2EB-BA8AE40A815E}"
EndProject
Project("{FAE04EC0-301F-11D3-BF4B-00C04F79EFBC}") = "Vector File Library", "File IO\Vector File\Vector File Library\Vector File Library.csproj", "{510AD618-922B-4C7C-AA79-7D834248FEA5}"
EndProject
Project("{FAE04EC0-301F-11D3-BF4B-00C04F79EFBC}") = "Vector File Unit Test", "File IO\Vector File\Vector File Unit Test\Vector File Unit Test.csproj", "{6BA129B6-B14F-4E7A-9C1D-83BB64B3C943}"
EndProject
Project("{2150E333-8FDC-42A3-9474-1A3956D46DE8}") = "Example", "Example", "{CCFF3756-47D4-490E-97BB-76A648D00D3D}"
EndProject
Project("{2150E333-8FDC-42A3-9474-1A3956D46DE8}") = "Utilities", "Utilities", "{1F592028-A73A-4AF2-9798-728D6269066F}"
EndProject
Project("{FAE04EC0-301F-11D3-BF4B-00C04F79EFBC}") = "FixFreqFrame Read Complex", "File IO\Vector File\Vector File Example\FixFreqFrame Read Complex\FixFreqFrame Read Complex.csproj", "{4EA5AFF2-FF42-4A68-926A-898CCE21E862}"
EndProject
Project("{FAE04EC0-301F-11D3-BF4B-00C04F79EFBC}") = "FixFreqFrame Write Complex", "File IO\Vector File\Vector File Example\FixFreqFrame Write Complex\FixFreqFrame Write Complex.csproj", "{46F818FE-9007-4DD3-B27D-CE72AFB8FBD6}"
EndProject
Project("{FAE04EC0-301F-11D3-BF4B-00C04F79EFBC}") = "FixFreqStream Read Complex", "File IO\Vector File\Vector File Example\FixFreqStream Read Complex\FixFreqStream Read Complex.csproj", "{743C78D7-CAA4-4E10-9ACC-98034F28BDC9}"
EndProject
Project("{FAE04EC0-301F-11D3-BF4B-00C04F79EFBC}") = "FixFreqStream Write Complex", "File IO\Vector File\Vector File Example\FixFreqStream Write Complex\FixFreqStream Write Complex.csproj", "{823CB7C0-CABA-4B4B-AA4D-336D519D6738}"
EndProject
Project("{FAE04EC0-301F-11D3-BF4B-00C04F79EFBC}") = "INI File Read", "File IO\Vector File\Vector File Example\INI File Read\INI File Read.csproj", "{94F0FC2E-3A4D-44BD-9360-64E326FD4396}"
EndProject
Project("{FAE04EC0-301F-11D3-BF4B-00C04F79EFBC}") = "INI File Write", "File IO\Vector File\Vector File Example\INI File Write\INI File Write.csproj", "{8EC4393A-66D1-41FB-90E1-B980DBF63EA2}"
EndProject
Project("{FAE04EC0-301F-11D3-BF4B-00C04F79EFBC}") = "Simple Vector File Data Viewer", "File IO\Vector File\Vector File Example\Simple Vector File Data Viewer\Simple Vector File Data Viewer.csproj", "{3C0FEBBF-AFD6-45FC-A135-901117D919A6}"
EndProject
Project("{FAE04EC0-301F-11D3-BF4B-00C04F79EFBC}") = "Spectrum Read", "File IO\Vector File\Vector File Example\Spectrum Read\Spectrum Read.csproj", "{53F14EE6-CD79-46E5-8A38-0487794DE6BC}"
EndProject
Project("{FAE04EC0-301F-11D3-BF4B-00C04F79EFBC}") = "Spectrum Write", "File IO\Vector File\Vector File Example\Spectrum Write\Spectrum Write.csproj", "{E32AE483-A754-4033-868B-F67F9F18FA2F}"
EndProject
Project("{FAE04EC0-301F-11D3-BF4B-00C04F79EFBC}") = "Streaming Speed Test", "File IO\Vector File\Tools and Utilities\Data Streaming Speed Test\Streaming Speed Test.csproj", "{E111D43D-68E5-4B31-9385-6EF00775CEAD}"
EndProject
Project("{2150E333-8FDC-42A3-9474-1A3956D46DE8}") = "RF Communications", "RF Communications", "{82D650B3-B7AF-487A-BE30-F363C65E3708}"
EndProject
Project("{FAE04EC0-301F-11D3-BF4B-00C04F79EFBC}") = "RF Communication Library", "RF Communications\RF Communication Library\RF Communication Library.csproj", "{F9F03E52-5605-4BEC-827F-6FD7C6B28537}"
EndProject
Project("{2150E333-8FDC-42A3-9474-1A3956D46DE8}") = "Examples", "Examples", "{7F53D8C8-F613-48F6-9066-91EFEE831238}"
EndProject
Project("{FAE04EC0-301F-11D3-BF4B-00C04F79EFBC}") = "AnalogModem Example", "RF Communications\Examples\AnalogModem Example\AnalogModem Example.csproj", "{739A35E9-06FA-4AE6-9F70-870AAD0F8AFD}"
EndProject
Project("{FAE04EC0-301F-11D3-BF4B-00C04F79EFBC}") = "Discrete Fourier Transform Example", "Signal Processing\Example\Transform\Discrete Fourier Transform Example\Discrete Fourier Transform Example.csproj", "{3CD82A43-0124-418C-9BDC-5436D2EC3CF6}"
EndProject
Project("{2150E333-8FDC-42A3-9474-1A3956D46DE8}") = "Transform", "Transform", "{18AC7665-9FAB-44DB-B202-2BF97E139EA8}"
EndProject
Project("{2150E333-8FDC-42A3-9474-1A3956D46DE8}") = "Examples", "Examples", "{5ABDAC90-B188-441F-98E8-DCBE9A51B6E5}"
EndProject
Project("{FAE04EC0-301F-11D3-BF4B-00C04F79EFBC}") = "Numeric Operations Example", "Numerics\Examples\Numeric Operations Example\Numeric Operations Example.csproj", "{0E1B8A2A-2749-47C3-855F-8DDB49D728D5}"
EndProject
Project("{FAE04EC0-301F-11D3-BF4B-00C04F79EFBC}") = "IQ File Write Example", "File IO\IQ File\IQ File Example\IQ File Write Example\IQ File Write Example.csproj", "{03B8897B-B89A-42A5-85EB-B24AE40AFE30}"
EndProject
Project("{2150E333-8FDC-42A3-9474-1A3956D46DE8}") = "Geometry", "Geometry", "{510AD32D-DAE4-45E5-85AA-F12F07BA4DE2}"
EndProject
Project("{FAE04EC0-301F-11D3-BF4B-00C04F79EFBC}") = "Geometry Example", "Mathematics\Example\Geometry\Geometry Example.csproj", "{09DEEAB9-D4A0-46A6-8DD4-128CB842B6F5}"
EndProject
Project("{2150E333-8FDC-42A3-9474-1A3956D46DE8}") = "Linear Algebra", "Linear Algebra", "{C1135E11-6C13-4F18-82ED-229AFF1E5703}"
EndProject
Project("{FAE04EC0-301F-11D3-BF4B-00C04F79EFBC}") = "Eigenvalue Example", "Mathematics\Example\Linear Algebra\Eigenvalue\Eigenvalue Example.csproj", "{70DC9693-EE3E-4A15-8F6D-CE0F4F2A0E76}"
EndProject
Project("{FAE04EC0-301F-11D3-BF4B-00C04F79EFBC}") = "LinearEquation Example", "Mathematics\Example\Linear Algebra\LinearEquation\LinearEquation Example.csproj", "{AB9D2A42-40DB-42D7-9297-13D9A9FF2F2F}"
EndProject
Project("{FAE04EC0-301F-11D3-BF4B-00C04F79EFBC}") = "Matrix Example", "Mathematics\Example\Linear Algebra\Matrix\Matrix Example.csproj", "{D14BA371-C8D0-4F01-881C-247C25F23907}"
EndProject
Project("{FAE04EC0-301F-11D3-BF4B-00C04F79EFBC}") = "Operation Example", "Mathematics\Example\Linear Algebra\Operation\Operation Example.csproj", "{4EDC9F3A-DD1A-4383-9240-C1BB45A30C0A}"
EndProject
Project("{2150E333-8FDC-42A3-9474-1A3956D46DE8}") = "Advanced Filters", "Advanced Filters", "{393667D5-83E2-4C4E-B38A-88E7E50932CE}"
EndProject
Project("{FAE04EC0-301F-11D3-BF4B-00C04F79EFBC}") = "Adv FIR Filter Example", "Signal Processing\Example\Conditioning\Advanced Filters\Adv FIR Filter\Adv FIR Filter Example.csproj", "{D2AD1132-96F9-45F0-9207-10CCB83C2963}"
EndProject
Project("{FAE04EC0-301F-11D3-BF4B-00C04F79EFBC}") = "Crosscorrelation Example", "Signal Processing\Example\Conditioning\Advanced Filters\Crosscorrelation\Crosscorrelation Example.csproj", "{A843B0EF-FB48-427C-A865-3A321C37A972}"
EndProject
Project("{FAE04EC0-301F-11D3-BF4B-00C04F79EFBC}") = "Frequency Shift Example", "Signal Processing\Example\Conditioning\Advanced Filters\Frequency Shift\Frequency Shift Example.csproj", "{D3082F95-134D-477C-99DE-A71115FFA67E}"
EndProject
Project("{FAE04EC0-301F-11D3-BF4B-00C04F79EFBC}") = "BasicFunctionGenerator Example", "Signal Processing\Example\Generation\BasicFunctionGenerator\BasicFunctionGenerator Example.csproj", "{FBE4B667-16F2-4EFB-831E-BB5FBE952D3C}"
EndProject
Project("{FAE04EC0-301F-11D3-BF4B-00C04F79EFBC}") = "Generation Example", "Signal Processing\Example\Generation\Generation\Generation Example.csproj", "{F4CF86E9-5A0C-4EFA-9C83-66AB6DD070EB}"
EndProject
Project("{FAE04EC0-301F-11D3-BF4B-00C04F79EFBC}") = "Noise Generator Example", "Signal Processing\Example\Generation\NoiseGenerator\Noise Generator Example.csproj", "{8EFFFDF2-674C-41DE-8E1C-8FDBFBECE41D}"
EndProject
Project("{2150E333-8FDC-42A3-9474-1A3956D46DE8}") = "Window", "Window", "{74681D67-C7A4-431A-AE65-132795694208}"
EndProject
Project("{FAE04EC0-301F-11D3-BF4B-00C04F79EFBC}") = "Window Example", "Signal Processing\Example\Window\Window Example.csproj", "{6ECBA998-1E80-4EFC-8080-99F0CEBEEEFE}"
EndProject
Project("{FAE04EC0-301F-11D3-BF4B-00C04F79EFBC}") = "Winform JTFA", "Signal Processing\Example\JTFA\General JTFA\Winform JTFA.csproj", "{F14552CD-AD4F-470E-81B5-4A4FFE6C7E59}"
EndProject
Project("{2150E333-8FDC-42A3-9474-1A3956D46DE8}") = "General JTFA", "General JTFA", "{180D1FE0-539A-443B-BCD1-29A9EE4706FC}"
EndProject
Project("{2150E333-8FDC-42A3-9474-1A3956D46DE8}") = "Gabor Transform", "Gabor Transform", "{B2CC4E72-C697-4DEC-91D4-61A1C861BAA7}"
EndProject
Project("{FAE04EC0-301F-11D3-BF4B-00C04F79EFBC}") = "Gabor Transform Example", "Signal Processing\Example\JTFA\Gabor Transform\Gabor Transform Example.csproj", "{9D2F9B47-6F34-4393-B612-51AE0AC83093}"
EndProject
Global
	GlobalSection(SolutionConfigurationPlatforms) = preSolution
		Debug|Any CPU = Debug|Any CPU
		Debug|x64 = Debug|x64
		Release|Any CPU = Release|Any CPU
		Release|x64 = Release|x64
	EndGlobalSection
	GlobalSection(ProjectConfigurationPlatforms) = postSolution
		{690A6CF8-FB25-4AB4-972A-8DBF075AD20A}.Debug|Any CPU.ActiveCfg = Debug|Any CPU
		{690A6CF8-FB25-4AB4-972A-8DBF075AD20A}.Debug|Any CPU.Build.0 = Debug|Any CPU
		{690A6CF8-FB25-4AB4-972A-8DBF075AD20A}.Debug|x64.ActiveCfg = Debug|Any CPU
		{690A6CF8-FB25-4AB4-972A-8DBF075AD20A}.Debug|x64.Build.0 = Debug|Any CPU
		{690A6CF8-FB25-4AB4-972A-8DBF075AD20A}.Release|Any CPU.ActiveCfg = Release|Any CPU
		{690A6CF8-FB25-4AB4-972A-8DBF075AD20A}.Release|Any CPU.Build.0 = Release|Any CPU
		{690A6CF8-FB25-4AB4-972A-8DBF075AD20A}.Release|x64.ActiveCfg = Release|Any CPU
		{690A6CF8-FB25-4AB4-972A-8DBF075AD20A}.Release|x64.Build.0 = Release|Any CPU
		{AD89F3CF-DE9F-4BEE-949A-67C8237BC034}.Debug|Any CPU.ActiveCfg = Debug|Any CPU
		{AD89F3CF-DE9F-4BEE-949A-67C8237BC034}.Debug|Any CPU.Build.0 = Debug|Any CPU
		{AD89F3CF-DE9F-4BEE-949A-67C8237BC034}.Debug|x64.ActiveCfg = Debug|Any CPU
		{AD89F3CF-DE9F-4BEE-949A-67C8237BC034}.Debug|x64.Build.0 = Debug|Any CPU
		{AD89F3CF-DE9F-4BEE-949A-67C8237BC034}.Release|Any CPU.ActiveCfg = Release|Any CPU
		{AD89F3CF-DE9F-4BEE-949A-67C8237BC034}.Release|Any CPU.Build.0 = Release|Any CPU
		{AD89F3CF-DE9F-4BEE-949A-67C8237BC034}.Release|x64.ActiveCfg = Release|Any CPU
		{AD89F3CF-DE9F-4BEE-949A-67C8237BC034}.Release|x64.Build.0 = Release|Any CPU
		{BD331CAC-E41A-4DD1-A64C-DBB0980F43BE}.Debug|Any CPU.ActiveCfg = Debug|Any CPU
		{BD331CAC-E41A-4DD1-A64C-DBB0980F43BE}.Debug|Any CPU.Build.0 = Debug|Any CPU
		{BD331CAC-E41A-4DD1-A64C-DBB0980F43BE}.Debug|x64.ActiveCfg = Debug|Any CPU
		{BD331CAC-E41A-4DD1-A64C-DBB0980F43BE}.Debug|x64.Build.0 = Debug|Any CPU
		{BD331CAC-E41A-4DD1-A64C-DBB0980F43BE}.Release|Any CPU.ActiveCfg = Release|Any CPU
		{BD331CAC-E41A-4DD1-A64C-DBB0980F43BE}.Release|Any CPU.Build.0 = Release|Any CPU
		{BD331CAC-E41A-4DD1-A64C-DBB0980F43BE}.Release|x64.ActiveCfg = Release|Any CPU
		{BD331CAC-E41A-4DD1-A64C-DBB0980F43BE}.Release|x64.Build.0 = Release|Any CPU
		{4FAEA3BB-11B7-4F67-A647-2DEE3D1EEDF2}.Debug|Any CPU.ActiveCfg = Debug|Any CPU
		{4FAEA3BB-11B7-4F67-A647-2DEE3D1EEDF2}.Debug|Any CPU.Build.0 = Debug|Any CPU
		{4FAEA3BB-11B7-4F67-A647-2DEE3D1EEDF2}.Debug|x64.ActiveCfg = Debug|Any CPU
		{4FAEA3BB-11B7-4F67-A647-2DEE3D1EEDF2}.Debug|x64.Build.0 = Debug|Any CPU
		{4FAEA3BB-11B7-4F67-A647-2DEE3D1EEDF2}.Release|Any CPU.ActiveCfg = Release|Any CPU
		{4FAEA3BB-11B7-4F67-A647-2DEE3D1EEDF2}.Release|Any CPU.Build.0 = Release|Any CPU
		{4FAEA3BB-11B7-4F67-A647-2DEE3D1EEDF2}.Release|x64.ActiveCfg = Release|Any CPU
		{4FAEA3BB-11B7-4F67-A647-2DEE3D1EEDF2}.Release|x64.Build.0 = Release|Any CPU
		{DECCA851-1D33-4B2B-8DC7-FFBC310E508B}.Debug|Any CPU.ActiveCfg = Debug|Any CPU
		{DECCA851-1D33-4B2B-8DC7-FFBC310E508B}.Debug|Any CPU.Build.0 = Debug|Any CPU
		{DECCA851-1D33-4B2B-8DC7-FFBC310E508B}.Debug|x64.ActiveCfg = Debug|Any CPU
		{DECCA851-1D33-4B2B-8DC7-FFBC310E508B}.Debug|x64.Build.0 = Debug|Any CPU
		{DECCA851-1D33-4B2B-8DC7-FFBC310E508B}.Release|Any CPU.ActiveCfg = Release|Any CPU
		{DECCA851-1D33-4B2B-8DC7-FFBC310E508B}.Release|Any CPU.Build.0 = Release|Any CPU
		{DECCA851-1D33-4B2B-8DC7-FFBC310E508B}.Release|x64.ActiveCfg = Release|Any CPU
		{DECCA851-1D33-4B2B-8DC7-FFBC310E508B}.Release|x64.Build.0 = Release|Any CPU
		{324D642A-7F8F-452B-999D-5E4EC43FCB61}.Debug|Any CPU.ActiveCfg = Debug|Any CPU
		{324D642A-7F8F-452B-999D-5E4EC43FCB61}.Debug|Any CPU.Build.0 = Debug|Any CPU
		{324D642A-7F8F-452B-999D-5E4EC43FCB61}.Debug|x64.ActiveCfg = Debug|Any CPU
		{324D642A-7F8F-452B-999D-5E4EC43FCB61}.Debug|x64.Build.0 = Debug|Any CPU
		{324D642A-7F8F-452B-999D-5E4EC43FCB61}.Release|Any CPU.ActiveCfg = Release|Any CPU
		{324D642A-7F8F-452B-999D-5E4EC43FCB61}.Release|Any CPU.Build.0 = Release|Any CPU
		{324D642A-7F8F-452B-999D-5E4EC43FCB61}.Release|x64.ActiveCfg = Release|Any CPU
		{324D642A-7F8F-452B-999D-5E4EC43FCB61}.Release|x64.Build.0 = Release|Any CPU
		{5628C460-E25A-45FC-B389-F35746EFC62F}.Debug|Any CPU.ActiveCfg = Debug|Any CPU
		{5628C460-E25A-45FC-B389-F35746EFC62F}.Debug|Any CPU.Build.0 = Debug|Any CPU
		{5628C460-E25A-45FC-B389-F35746EFC62F}.Debug|x64.ActiveCfg = Debug|Any CPU
		{5628C460-E25A-45FC-B389-F35746EFC62F}.Debug|x64.Build.0 = Debug|Any CPU
		{5628C460-E25A-45FC-B389-F35746EFC62F}.Release|Any CPU.ActiveCfg = Release|Any CPU
		{5628C460-E25A-45FC-B389-F35746EFC62F}.Release|Any CPU.Build.0 = Release|Any CPU
		{5628C460-E25A-45FC-B389-F35746EFC62F}.Release|x64.ActiveCfg = Release|Any CPU
		{5628C460-E25A-45FC-B389-F35746EFC62F}.Release|x64.Build.0 = Release|Any CPU
		{8883E73E-50D5-48A4-A994-A5E708DB4B2D}.Debug|Any CPU.ActiveCfg = Debug|Any CPU
		{8883E73E-50D5-48A4-A994-A5E708DB4B2D}.Debug|Any CPU.Build.0 = Debug|Any CPU
		{8883E73E-50D5-48A4-A994-A5E708DB4B2D}.Debug|x64.ActiveCfg = Debug|Any CPU
		{8883E73E-50D5-48A4-A994-A5E708DB4B2D}.Debug|x64.Build.0 = Debug|Any CPU
		{8883E73E-50D5-48A4-A994-A5E708DB4B2D}.Release|Any CPU.ActiveCfg = Release|Any CPU
		{8883E73E-50D5-48A4-A994-A5E708DB4B2D}.Release|Any CPU.Build.0 = Release|Any CPU
		{8883E73E-50D5-48A4-A994-A5E708DB4B2D}.Release|x64.ActiveCfg = Release|Any CPU
		{8883E73E-50D5-48A4-A994-A5E708DB4B2D}.Release|x64.Build.0 = Release|Any CPU
		{CDD8C7E9-D5F0-443B-B0F5-8CA6B74F758A}.Debug|Any CPU.ActiveCfg = Debug|Any CPU
		{CDD8C7E9-D5F0-443B-B0F5-8CA6B74F758A}.Debug|Any CPU.Build.0 = Debug|Any CPU
		{CDD8C7E9-D5F0-443B-B0F5-8CA6B74F758A}.Debug|x64.ActiveCfg = Debug|Any CPU
		{CDD8C7E9-D5F0-443B-B0F5-8CA6B74F758A}.Debug|x64.Build.0 = Debug|Any CPU
		{CDD8C7E9-D5F0-443B-B0F5-8CA6B74F758A}.Release|Any CPU.ActiveCfg = Release|Any CPU
		{CDD8C7E9-D5F0-443B-B0F5-8CA6B74F758A}.Release|Any CPU.Build.0 = Release|Any CPU
		{CDD8C7E9-D5F0-443B-B0F5-8CA6B74F758A}.Release|x64.ActiveCfg = Release|Any CPU
		{CDD8C7E9-D5F0-443B-B0F5-8CA6B74F758A}.Release|x64.Build.0 = Release|Any CPU
		{ECC0AC14-1021-426D-A266-C28B12DC2368}.Debug|Any CPU.ActiveCfg = Debug|Any CPU
		{ECC0AC14-1021-426D-A266-C28B12DC2368}.Debug|Any CPU.Build.0 = Debug|Any CPU
		{ECC0AC14-1021-426D-A266-C28B12DC2368}.Debug|x64.ActiveCfg = Debug|Any CPU
		{ECC0AC14-1021-426D-A266-C28B12DC2368}.Debug|x64.Build.0 = Debug|Any CPU
		{ECC0AC14-1021-426D-A266-C28B12DC2368}.Release|Any CPU.ActiveCfg = Release|Any CPU
		{ECC0AC14-1021-426D-A266-C28B12DC2368}.Release|Any CPU.Build.0 = Release|Any CPU
		{ECC0AC14-1021-426D-A266-C28B12DC2368}.Release|x64.ActiveCfg = Release|Any CPU
		{ECC0AC14-1021-426D-A266-C28B12DC2368}.Release|x64.Build.0 = Release|Any CPU
		{1758F00D-533F-4134-AF73-E29B10975191}.Debug|Any CPU.ActiveCfg = Debug|Any CPU
		{1758F00D-533F-4134-AF73-E29B10975191}.Debug|Any CPU.Build.0 = Debug|Any CPU
		{1758F00D-533F-4134-AF73-E29B10975191}.Debug|x64.ActiveCfg = Debug|Any CPU
		{1758F00D-533F-4134-AF73-E29B10975191}.Debug|x64.Build.0 = Debug|Any CPU
		{1758F00D-533F-4134-AF73-E29B10975191}.Release|Any CPU.ActiveCfg = Release|Any CPU
		{1758F00D-533F-4134-AF73-E29B10975191}.Release|Any CPU.Build.0 = Release|Any CPU
		{1758F00D-533F-4134-AF73-E29B10975191}.Release|x64.ActiveCfg = Release|Any CPU
		{1758F00D-533F-4134-AF73-E29B10975191}.Release|x64.Build.0 = Release|Any CPU
		{15E85B5F-47B1-4841-B9CC-2768C194B7DE}.Debug|Any CPU.ActiveCfg = Debug|Any CPU
		{15E85B5F-47B1-4841-B9CC-2768C194B7DE}.Debug|Any CPU.Build.0 = Debug|Any CPU
		{15E85B5F-47B1-4841-B9CC-2768C194B7DE}.Debug|x64.ActiveCfg = Debug|Any CPU
		{15E85B5F-47B1-4841-B9CC-2768C194B7DE}.Debug|x64.Build.0 = Debug|Any CPU
		{15E85B5F-47B1-4841-B9CC-2768C194B7DE}.Release|Any CPU.ActiveCfg = Release|Any CPU
		{15E85B5F-47B1-4841-B9CC-2768C194B7DE}.Release|Any CPU.Build.0 = Release|Any CPU
		{15E85B5F-47B1-4841-B9CC-2768C194B7DE}.Release|x64.ActiveCfg = Release|Any CPU
		{15E85B5F-47B1-4841-B9CC-2768C194B7DE}.Release|x64.Build.0 = Release|Any CPU
		{3B9298D9-6C4C-42B7-AAFA-00A9D8CB036F}.Debug|Any CPU.ActiveCfg = Debug|Any CPU
		{3B9298D9-6C4C-42B7-AAFA-00A9D8CB036F}.Debug|Any CPU.Build.0 = Debug|Any CPU
		{3B9298D9-6C4C-42B7-AAFA-00A9D8CB036F}.Debug|x64.ActiveCfg = Debug|Any CPU
		{3B9298D9-6C4C-42B7-AAFA-00A9D8CB036F}.Debug|x64.Build.0 = Debug|Any CPU
		{3B9298D9-6C4C-42B7-AAFA-00A9D8CB036F}.Release|Any CPU.ActiveCfg = Release|Any CPU
		{3B9298D9-6C4C-42B7-AAFA-00A9D8CB036F}.Release|Any CPU.Build.0 = Release|Any CPU
		{3B9298D9-6C4C-42B7-AAFA-00A9D8CB036F}.Release|x64.ActiveCfg = Release|Any CPU
		{3B9298D9-6C4C-42B7-AAFA-00A9D8CB036F}.Release|x64.Build.0 = Release|Any CPU
		{EECB518F-9EB3-4B50-A8B6-E188A2EF232C}.Debug|Any CPU.ActiveCfg = Debug|Any CPU
		{EECB518F-9EB3-4B50-A8B6-E188A2EF232C}.Debug|Any CPU.Build.0 = Debug|Any CPU
		{EECB518F-9EB3-4B50-A8B6-E188A2EF232C}.Debug|x64.ActiveCfg = Debug|Any CPU
		{EECB518F-9EB3-4B50-A8B6-E188A2EF232C}.Debug|x64.Build.0 = Debug|Any CPU
		{EECB518F-9EB3-4B50-A8B6-E188A2EF232C}.Release|Any CPU.ActiveCfg = Release|Any CPU
		{EECB518F-9EB3-4B50-A8B6-E188A2EF232C}.Release|Any CPU.Build.0 = Release|Any CPU
		{EECB518F-9EB3-4B50-A8B6-E188A2EF232C}.Release|x64.ActiveCfg = Release|Any CPU
		{EECB518F-9EB3-4B50-A8B6-E188A2EF232C}.Release|x64.Build.0 = Release|Any CPU
		{42EE2374-9944-45EA-9C32-5ED26ED5DEC0}.Debug|Any CPU.ActiveCfg = Debug|Any CPU
		{42EE2374-9944-45EA-9C32-5ED26ED5DEC0}.Debug|Any CPU.Build.0 = Debug|Any CPU
		{42EE2374-9944-45EA-9C32-5ED26ED5DEC0}.Debug|x64.ActiveCfg = Debug|Any CPU
		{42EE2374-9944-45EA-9C32-5ED26ED5DEC0}.Debug|x64.Build.0 = Debug|Any CPU
		{42EE2374-9944-45EA-9C32-5ED26ED5DEC0}.Release|Any CPU.ActiveCfg = Release|Any CPU
		{42EE2374-9944-45EA-9C32-5ED26ED5DEC0}.Release|Any CPU.Build.0 = Release|Any CPU
		{42EE2374-9944-45EA-9C32-5ED26ED5DEC0}.Release|x64.ActiveCfg = Release|Any CPU
		{42EE2374-9944-45EA-9C32-5ED26ED5DEC0}.Release|x64.Build.0 = Release|Any CPU
		{7BBDBA0F-F0E1-442B-81F0-27F5CAC0F758}.Debug|Any CPU.ActiveCfg = Debug|Any CPU
		{7BBDBA0F-F0E1-442B-81F0-27F5CAC0F758}.Debug|Any CPU.Build.0 = Debug|Any CPU
		{7BBDBA0F-F0E1-442B-81F0-27F5CAC0F758}.Debug|x64.ActiveCfg = Debug|Any CPU
		{7BBDBA0F-F0E1-442B-81F0-27F5CAC0F758}.Debug|x64.Build.0 = Debug|Any CPU
		{7BBDBA0F-F0E1-442B-81F0-27F5CAC0F758}.Release|Any CPU.ActiveCfg = Release|Any CPU
		{7BBDBA0F-F0E1-442B-81F0-27F5CAC0F758}.Release|Any CPU.Build.0 = Release|Any CPU
		{7BBDBA0F-F0E1-442B-81F0-27F5CAC0F758}.Release|x64.ActiveCfg = Release|Any CPU
		{7BBDBA0F-F0E1-442B-81F0-27F5CAC0F758}.Release|x64.Build.0 = Release|Any CPU
		{E2564310-E5FA-439A-ABFA-CF1B00E45F1B}.Debug|Any CPU.ActiveCfg = Debug|Any CPU
		{E2564310-E5FA-439A-ABFA-CF1B00E45F1B}.Debug|Any CPU.Build.0 = Debug|Any CPU
		{E2564310-E5FA-439A-ABFA-CF1B00E45F1B}.Debug|x64.ActiveCfg = Debug|Any CPU
		{E2564310-E5FA-439A-ABFA-CF1B00E45F1B}.Debug|x64.Build.0 = Debug|Any CPU
		{E2564310-E5FA-439A-ABFA-CF1B00E45F1B}.Release|Any CPU.ActiveCfg = Release|Any CPU
		{E2564310-E5FA-439A-ABFA-CF1B00E45F1B}.Release|Any CPU.Build.0 = Release|Any CPU
		{E2564310-E5FA-439A-ABFA-CF1B00E45F1B}.Release|x64.ActiveCfg = Release|Any CPU
		{E2564310-E5FA-439A-ABFA-CF1B00E45F1B}.Release|x64.Build.0 = Release|Any CPU
		{8E54EE02-AADC-4EE2-B704-FC97A9A50733}.Debug|Any CPU.ActiveCfg = Debug|Any CPU
		{8E54EE02-AADC-4EE2-B704-FC97A9A50733}.Debug|Any CPU.Build.0 = Debug|Any CPU
		{8E54EE02-AADC-4EE2-B704-FC97A9A50733}.Debug|x64.ActiveCfg = Debug|Any CPU
		{8E54EE02-AADC-4EE2-B704-FC97A9A50733}.Debug|x64.Build.0 = Debug|Any CPU
		{8E54EE02-AADC-4EE2-B704-FC97A9A50733}.Release|Any CPU.ActiveCfg = Release|Any CPU
		{8E54EE02-AADC-4EE2-B704-FC97A9A50733}.Release|Any CPU.Build.0 = Release|Any CPU
		{8E54EE02-AADC-4EE2-B704-FC97A9A50733}.Release|x64.ActiveCfg = Release|Any CPU
		{8E54EE02-AADC-4EE2-B704-FC97A9A50733}.Release|x64.Build.0 = Release|Any CPU
		{3FC480B0-20E4-4C66-8456-7A225B366262}.Debug|Any CPU.ActiveCfg = Debug|Any CPU
		{3FC480B0-20E4-4C66-8456-7A225B366262}.Debug|Any CPU.Build.0 = Debug|Any CPU
		{3FC480B0-20E4-4C66-8456-7A225B366262}.Debug|x64.ActiveCfg = Debug|Any CPU
		{3FC480B0-20E4-4C66-8456-7A225B366262}.Debug|x64.Build.0 = Debug|Any CPU
		{3FC480B0-20E4-4C66-8456-7A225B366262}.Release|Any CPU.ActiveCfg = Release|Any CPU
		{3FC480B0-20E4-4C66-8456-7A225B366262}.Release|Any CPU.Build.0 = Release|Any CPU
		{3FC480B0-20E4-4C66-8456-7A225B366262}.Release|x64.ActiveCfg = Release|Any CPU
		{3FC480B0-20E4-4C66-8456-7A225B366262}.Release|x64.Build.0 = Release|Any CPU
		{24B95157-02CA-4A05-A388-3E1F18BBBF01}.Debug|Any CPU.ActiveCfg = Debug|Any CPU
		{24B95157-02CA-4A05-A388-3E1F18BBBF01}.Debug|Any CPU.Build.0 = Debug|Any CPU
		{24B95157-02CA-4A05-A388-3E1F18BBBF01}.Debug|x64.ActiveCfg = Debug|Any CPU
		{24B95157-02CA-4A05-A388-3E1F18BBBF01}.Debug|x64.Build.0 = Debug|Any CPU
		{24B95157-02CA-4A05-A388-3E1F18BBBF01}.Release|Any CPU.ActiveCfg = Release|Any CPU
		{24B95157-02CA-4A05-A388-3E1F18BBBF01}.Release|Any CPU.Build.0 = Release|Any CPU
		{24B95157-02CA-4A05-A388-3E1F18BBBF01}.Release|x64.ActiveCfg = Release|Any CPU
		{24B95157-02CA-4A05-A388-3E1F18BBBF01}.Release|x64.Build.0 = Release|Any CPU
		{B555D1A1-E0B2-48E7-BF75-41B4614623B8}.Debug|Any CPU.ActiveCfg = Debug|Any CPU
		{B555D1A1-E0B2-48E7-BF75-41B4614623B8}.Debug|Any CPU.Build.0 = Debug|Any CPU
		{B555D1A1-E0B2-48E7-BF75-41B4614623B8}.Debug|x64.ActiveCfg = Debug|Any CPU
		{B555D1A1-E0B2-48E7-BF75-41B4614623B8}.Debug|x64.Build.0 = Debug|Any CPU
		{B555D1A1-E0B2-48E7-BF75-41B4614623B8}.Release|Any CPU.ActiveCfg = Release|Any CPU
		{B555D1A1-E0B2-48E7-BF75-41B4614623B8}.Release|Any CPU.Build.0 = Release|Any CPU
		{B555D1A1-E0B2-48E7-BF75-41B4614623B8}.Release|x64.ActiveCfg = Release|Any CPU
		{B555D1A1-E0B2-48E7-BF75-41B4614623B8}.Release|x64.Build.0 = Release|Any CPU
		{D53C61CE-BEF5-47F5-9991-4954D681CA88}.Debug|Any CPU.ActiveCfg = Debug|Any CPU
		{D53C61CE-BEF5-47F5-9991-4954D681CA88}.Debug|Any CPU.Build.0 = Debug|Any CPU
		{D53C61CE-BEF5-47F5-9991-4954D681CA88}.Debug|x64.ActiveCfg = Debug|Any CPU
		{D53C61CE-BEF5-47F5-9991-4954D681CA88}.Debug|x64.Build.0 = Debug|Any CPU
		{D53C61CE-BEF5-47F5-9991-4954D681CA88}.Release|Any CPU.ActiveCfg = Release|Any CPU
		{D53C61CE-BEF5-47F5-9991-4954D681CA88}.Release|Any CPU.Build.0 = Release|Any CPU
		{D53C61CE-BEF5-47F5-9991-4954D681CA88}.Release|x64.ActiveCfg = Release|Any CPU
		{D53C61CE-BEF5-47F5-9991-4954D681CA88}.Release|x64.Build.0 = Release|Any CPU
		{E7208270-5885-4739-9582-A40B3F2A4256}.Debug|Any CPU.ActiveCfg = Debug|Any CPU
		{E7208270-5885-4739-9582-A40B3F2A4256}.Debug|Any CPU.Build.0 = Debug|Any CPU
		{E7208270-5885-4739-9582-A40B3F2A4256}.Debug|x64.ActiveCfg = Debug|Any CPU
		{E7208270-5885-4739-9582-A40B3F2A4256}.Debug|x64.Build.0 = Debug|Any CPU
		{E7208270-5885-4739-9582-A40B3F2A4256}.Release|Any CPU.ActiveCfg = Release|Any CPU
		{E7208270-5885-4739-9582-A40B3F2A4256}.Release|Any CPU.Build.0 = Release|Any CPU
		{E7208270-5885-4739-9582-A40B3F2A4256}.Release|x64.ActiveCfg = Release|Any CPU
		{E7208270-5885-4739-9582-A40B3F2A4256}.Release|x64.Build.0 = Release|Any CPU
		{AB24F6A9-6514-4F09-BD5A-C22F6942B994}.Debug|Any CPU.ActiveCfg = Debug|Any CPU
		{AB24F6A9-6514-4F09-BD5A-C22F6942B994}.Debug|Any CPU.Build.0 = Debug|Any CPU
		{AB24F6A9-6514-4F09-BD5A-C22F6942B994}.Debug|x64.ActiveCfg = Debug|Any CPU
		{AB24F6A9-6514-4F09-BD5A-C22F6942B994}.Debug|x64.Build.0 = Debug|Any CPU
		{AB24F6A9-6514-4F09-BD5A-C22F6942B994}.Release|Any CPU.ActiveCfg = Release|Any CPU
		{AB24F6A9-6514-4F09-BD5A-C22F6942B994}.Release|Any CPU.Build.0 = Release|Any CPU
		{AB24F6A9-6514-4F09-BD5A-C22F6942B994}.Release|x64.ActiveCfg = Release|Any CPU
		{AB24F6A9-6514-4F09-BD5A-C22F6942B994}.Release|x64.Build.0 = Release|Any CPU
		{F0B69098-56F1-477D-A0D3-3C3F94732F8F}.Debug|Any CPU.ActiveCfg = Debug|Any CPU
		{F0B69098-56F1-477D-A0D3-3C3F94732F8F}.Debug|Any CPU.Build.0 = Debug|Any CPU
		{F0B69098-56F1-477D-A0D3-3C3F94732F8F}.Debug|x64.ActiveCfg = Debug|Any CPU
		{F0B69098-56F1-477D-A0D3-3C3F94732F8F}.Debug|x64.Build.0 = Debug|Any CPU
		{F0B69098-56F1-477D-A0D3-3C3F94732F8F}.Release|Any CPU.ActiveCfg = Release|Any CPU
		{F0B69098-56F1-477D-A0D3-3C3F94732F8F}.Release|Any CPU.Build.0 = Release|Any CPU
		{F0B69098-56F1-477D-A0D3-3C3F94732F8F}.Release|x64.ActiveCfg = Release|Any CPU
		{F0B69098-56F1-477D-A0D3-3C3F94732F8F}.Release|x64.Build.0 = Release|Any CPU
		{968743A2-EB22-4DEC-9DAB-F7B225016E9C}.Debug|Any CPU.ActiveCfg = Debug|Any CPU
		{968743A2-EB22-4DEC-9DAB-F7B225016E9C}.Debug|Any CPU.Build.0 = Debug|Any CPU
		{968743A2-EB22-4DEC-9DAB-F7B225016E9C}.Debug|x64.ActiveCfg = Debug|Any CPU
		{968743A2-EB22-4DEC-9DAB-F7B225016E9C}.Debug|x64.Build.0 = Debug|Any CPU
		{968743A2-EB22-4DEC-9DAB-F7B225016E9C}.Release|Any CPU.ActiveCfg = Release|Any CPU
		{968743A2-EB22-4DEC-9DAB-F7B225016E9C}.Release|Any CPU.Build.0 = Release|Any CPU
		{968743A2-EB22-4DEC-9DAB-F7B225016E9C}.Release|x64.ActiveCfg = Release|Any CPU
		{968743A2-EB22-4DEC-9DAB-F7B225016E9C}.Release|x64.Build.0 = Release|Any CPU
		{2559834D-3AEB-45A7-B7F2-6477D8D07D7C}.Debug|Any CPU.ActiveCfg = Debug|Any CPU
		{2559834D-3AEB-45A7-B7F2-6477D8D07D7C}.Debug|Any CPU.Build.0 = Debug|Any CPU
		{2559834D-3AEB-45A7-B7F2-6477D8D07D7C}.Debug|x64.ActiveCfg = Debug|Any CPU
		{2559834D-3AEB-45A7-B7F2-6477D8D07D7C}.Debug|x64.Build.0 = Debug|Any CPU
		{2559834D-3AEB-45A7-B7F2-6477D8D07D7C}.Release|Any CPU.ActiveCfg = Release|Any CPU
		{2559834D-3AEB-45A7-B7F2-6477D8D07D7C}.Release|Any CPU.Build.0 = Release|Any CPU
		{2559834D-3AEB-45A7-B7F2-6477D8D07D7C}.Release|x64.ActiveCfg = Release|Any CPU
		{2559834D-3AEB-45A7-B7F2-6477D8D07D7C}.Release|x64.Build.0 = Release|Any CPU
		{D5E5C4D6-22D6-472F-9630-51F9963CE414}.Debug|Any CPU.ActiveCfg = Debug|Any CPU
		{D5E5C4D6-22D6-472F-9630-51F9963CE414}.Debug|Any CPU.Build.0 = Debug|Any CPU
		{D5E5C4D6-22D6-472F-9630-51F9963CE414}.Debug|x64.ActiveCfg = Debug|Any CPU
		{D5E5C4D6-22D6-472F-9630-51F9963CE414}.Debug|x64.Build.0 = Debug|Any CPU
		{D5E5C4D6-22D6-472F-9630-51F9963CE414}.Release|Any CPU.ActiveCfg = Release|Any CPU
		{D5E5C4D6-22D6-472F-9630-51F9963CE414}.Release|Any CPU.Build.0 = Release|Any CPU
		{D5E5C4D6-22D6-472F-9630-51F9963CE414}.Release|x64.ActiveCfg = Release|Any CPU
		{D5E5C4D6-22D6-472F-9630-51F9963CE414}.Release|x64.Build.0 = Release|Any CPU
		{9F19511B-094E-43DC-8C8E-96A751EC175D}.Debug|Any CPU.ActiveCfg = Debug|Any CPU
		{9F19511B-094E-43DC-8C8E-96A751EC175D}.Debug|Any CPU.Build.0 = Debug|Any CPU
		{9F19511B-094E-43DC-8C8E-96A751EC175D}.Debug|x64.ActiveCfg = Debug|Any CPU
		{9F19511B-094E-43DC-8C8E-96A751EC175D}.Debug|x64.Build.0 = Debug|Any CPU
		{9F19511B-094E-43DC-8C8E-96A751EC175D}.Release|Any CPU.ActiveCfg = Release|Any CPU
		{9F19511B-094E-43DC-8C8E-96A751EC175D}.Release|Any CPU.Build.0 = Release|Any CPU
		{9F19511B-094E-43DC-8C8E-96A751EC175D}.Release|x64.ActiveCfg = Release|Any CPU
		{9F19511B-094E-43DC-8C8E-96A751EC175D}.Release|x64.Build.0 = Release|Any CPU
		{0A4F3735-3A7D-4158-A983-A8CA9314DD96}.Debug|Any CPU.ActiveCfg = Debug|Any CPU
		{0A4F3735-3A7D-4158-A983-A8CA9314DD96}.Debug|Any CPU.Build.0 = Debug|Any CPU
		{0A4F3735-3A7D-4158-A983-A8CA9314DD96}.Debug|x64.ActiveCfg = Debug|Any CPU
		{0A4F3735-3A7D-4158-A983-A8CA9314DD96}.Debug|x64.Build.0 = Debug|Any CPU
		{0A4F3735-3A7D-4158-A983-A8CA9314DD96}.Release|Any CPU.ActiveCfg = Release|Any CPU
		{0A4F3735-3A7D-4158-A983-A8CA9314DD96}.Release|Any CPU.Build.0 = Release|Any CPU
		{0A4F3735-3A7D-4158-A983-A8CA9314DD96}.Release|x64.ActiveCfg = Release|Any CPU
		{0A4F3735-3A7D-4158-A983-A8CA9314DD96}.Release|x64.Build.0 = Release|Any CPU
		{53FE648B-AEAB-4226-AC8E-33E5CF1D2636}.Debug|Any CPU.ActiveCfg = Debug|Any CPU
		{53FE648B-AEAB-4226-AC8E-33E5CF1D2636}.Debug|Any CPU.Build.0 = Debug|Any CPU
		{53FE648B-AEAB-4226-AC8E-33E5CF1D2636}.Debug|x64.ActiveCfg = Debug|Any CPU
		{53FE648B-AEAB-4226-AC8E-33E5CF1D2636}.Debug|x64.Build.0 = Debug|Any CPU
		{53FE648B-AEAB-4226-AC8E-33E5CF1D2636}.Release|Any CPU.ActiveCfg = Release|Any CPU
		{53FE648B-AEAB-4226-AC8E-33E5CF1D2636}.Release|Any CPU.Build.0 = Release|Any CPU
		{53FE648B-AEAB-4226-AC8E-33E5CF1D2636}.Release|x64.ActiveCfg = Release|Any CPU
		{53FE648B-AEAB-4226-AC8E-33E5CF1D2636}.Release|x64.Build.0 = Release|Any CPU
		{9CBFD90A-DBB6-445A-B679-FC7AB3523651}.Debug|Any CPU.ActiveCfg = Debug|Any CPU
		{9CBFD90A-DBB6-445A-B679-FC7AB3523651}.Debug|Any CPU.Build.0 = Debug|Any CPU
		{9CBFD90A-DBB6-445A-B679-FC7AB3523651}.Debug|x64.ActiveCfg = Debug|Any CPU
		{9CBFD90A-DBB6-445A-B679-FC7AB3523651}.Debug|x64.Build.0 = Debug|Any CPU
		{9CBFD90A-DBB6-445A-B679-FC7AB3523651}.Release|Any CPU.ActiveCfg = Release|Any CPU
		{9CBFD90A-DBB6-445A-B679-FC7AB3523651}.Release|Any CPU.Build.0 = Release|Any CPU
		{9CBFD90A-DBB6-445A-B679-FC7AB3523651}.Release|x64.ActiveCfg = Release|Any CPU
		{9CBFD90A-DBB6-445A-B679-FC7AB3523651}.Release|x64.Build.0 = Release|Any CPU
		{FB5FF879-2053-419F-8694-78CB547F7950}.Debug|Any CPU.ActiveCfg = Debug|Any CPU
		{FB5FF879-2053-419F-8694-78CB547F7950}.Debug|Any CPU.Build.0 = Debug|Any CPU
		{FB5FF879-2053-419F-8694-78CB547F7950}.Debug|x64.ActiveCfg = Debug|Any CPU
		{FB5FF879-2053-419F-8694-78CB547F7950}.Debug|x64.Build.0 = Debug|Any CPU
		{FB5FF879-2053-419F-8694-78CB547F7950}.Release|Any CPU.ActiveCfg = Release|Any CPU
		{FB5FF879-2053-419F-8694-78CB547F7950}.Release|Any CPU.Build.0 = Release|Any CPU
		{FB5FF879-2053-419F-8694-78CB547F7950}.Release|x64.ActiveCfg = Release|Any CPU
		{FB5FF879-2053-419F-8694-78CB547F7950}.Release|x64.Build.0 = Release|Any CPU
		{57540C2F-D50A-4E18-A77C-8505044A78E2}.Debug|Any CPU.ActiveCfg = Debug|Any CPU
		{57540C2F-D50A-4E18-A77C-8505044A78E2}.Debug|Any CPU.Build.0 = Debug|Any CPU
		{57540C2F-D50A-4E18-A77C-8505044A78E2}.Debug|x64.ActiveCfg = Debug|Any CPU
		{57540C2F-D50A-4E18-A77C-8505044A78E2}.Debug|x64.Build.0 = Debug|Any CPU
		{57540C2F-D50A-4E18-A77C-8505044A78E2}.Release|Any CPU.ActiveCfg = Release|Any CPU
		{57540C2F-D50A-4E18-A77C-8505044A78E2}.Release|Any CPU.Build.0 = Release|Any CPU
		{57540C2F-D50A-4E18-A77C-8505044A78E2}.Release|x64.ActiveCfg = Release|Any CPU
		{57540C2F-D50A-4E18-A77C-8505044A78E2}.Release|x64.Build.0 = Release|Any CPU
		{510AD618-922B-4C7C-AA79-7D834248FEA5}.Debug|Any CPU.ActiveCfg = Debug|Any CPU
		{510AD618-922B-4C7C-AA79-7D834248FEA5}.Debug|Any CPU.Build.0 = Debug|Any CPU
		{510AD618-922B-4C7C-AA79-7D834248FEA5}.Debug|x64.ActiveCfg = Debug|Any CPU
		{510AD618-922B-4C7C-AA79-7D834248FEA5}.Debug|x64.Build.0 = Debug|Any CPU
		{510AD618-922B-4C7C-AA79-7D834248FEA5}.Release|Any CPU.ActiveCfg = Release|Any CPU
		{510AD618-922B-4C7C-AA79-7D834248FEA5}.Release|Any CPU.Build.0 = Release|Any CPU
		{510AD618-922B-4C7C-AA79-7D834248FEA5}.Release|x64.ActiveCfg = Release|Any CPU
		{510AD618-922B-4C7C-AA79-7D834248FEA5}.Release|x64.Build.0 = Release|Any CPU
		{6BA129B6-B14F-4E7A-9C1D-83BB64B3C943}.Debug|Any CPU.ActiveCfg = Debug|Any CPU
		{6BA129B6-B14F-4E7A-9C1D-83BB64B3C943}.Debug|Any CPU.Build.0 = Debug|Any CPU
		{6BA129B6-B14F-4E7A-9C1D-83BB64B3C943}.Debug|x64.ActiveCfg = Debug|Any CPU
		{6BA129B6-B14F-4E7A-9C1D-83BB64B3C943}.Debug|x64.Build.0 = Debug|Any CPU
		{6BA129B6-B14F-4E7A-9C1D-83BB64B3C943}.Release|Any CPU.ActiveCfg = Release|Any CPU
		{6BA129B6-B14F-4E7A-9C1D-83BB64B3C943}.Release|Any CPU.Build.0 = Release|Any CPU
		{6BA129B6-B14F-4E7A-9C1D-83BB64B3C943}.Release|x64.ActiveCfg = Release|Any CPU
		{6BA129B6-B14F-4E7A-9C1D-83BB64B3C943}.Release|x64.Build.0 = Release|Any CPU
		{4EA5AFF2-FF42-4A68-926A-898CCE21E862}.Debug|Any CPU.ActiveCfg = Debug|Any CPU
		{4EA5AFF2-FF42-4A68-926A-898CCE21E862}.Debug|Any CPU.Build.0 = Debug|Any CPU
		{4EA5AFF2-FF42-4A68-926A-898CCE21E862}.Debug|x64.ActiveCfg = Debug|Any CPU
		{4EA5AFF2-FF42-4A68-926A-898CCE21E862}.Debug|x64.Build.0 = Debug|Any CPU
		{4EA5AFF2-FF42-4A68-926A-898CCE21E862}.Release|Any CPU.ActiveCfg = Release|Any CPU
		{4EA5AFF2-FF42-4A68-926A-898CCE21E862}.Release|Any CPU.Build.0 = Release|Any CPU
		{4EA5AFF2-FF42-4A68-926A-898CCE21E862}.Release|x64.ActiveCfg = Release|Any CPU
		{4EA5AFF2-FF42-4A68-926A-898CCE21E862}.Release|x64.Build.0 = Release|Any CPU
		{46F818FE-9007-4DD3-B27D-CE72AFB8FBD6}.Debug|Any CPU.ActiveCfg = Debug|Any CPU
		{46F818FE-9007-4DD3-B27D-CE72AFB8FBD6}.Debug|Any CPU.Build.0 = Debug|Any CPU
		{46F818FE-9007-4DD3-B27D-CE72AFB8FBD6}.Debug|x64.ActiveCfg = Debug|Any CPU
		{46F818FE-9007-4DD3-B27D-CE72AFB8FBD6}.Debug|x64.Build.0 = Debug|Any CPU
		{46F818FE-9007-4DD3-B27D-CE72AFB8FBD6}.Release|Any CPU.ActiveCfg = Release|Any CPU
		{46F818FE-9007-4DD3-B27D-CE72AFB8FBD6}.Release|Any CPU.Build.0 = Release|Any CPU
		{46F818FE-9007-4DD3-B27D-CE72AFB8FBD6}.Release|x64.ActiveCfg = Release|Any CPU
		{46F818FE-9007-4DD3-B27D-CE72AFB8FBD6}.Release|x64.Build.0 = Release|Any CPU
		{743C78D7-CAA4-4E10-9ACC-98034F28BDC9}.Debug|Any CPU.ActiveCfg = Debug|Any CPU
		{743C78D7-CAA4-4E10-9ACC-98034F28BDC9}.Debug|Any CPU.Build.0 = Debug|Any CPU
		{743C78D7-CAA4-4E10-9ACC-98034F28BDC9}.Debug|x64.ActiveCfg = Debug|Any CPU
		{743C78D7-CAA4-4E10-9ACC-98034F28BDC9}.Debug|x64.Build.0 = Debug|Any CPU
		{743C78D7-CAA4-4E10-9ACC-98034F28BDC9}.Release|Any CPU.ActiveCfg = Release|Any CPU
		{743C78D7-CAA4-4E10-9ACC-98034F28BDC9}.Release|Any CPU.Build.0 = Release|Any CPU
		{743C78D7-CAA4-4E10-9ACC-98034F28BDC9}.Release|x64.ActiveCfg = Release|Any CPU
		{743C78D7-CAA4-4E10-9ACC-98034F28BDC9}.Release|x64.Build.0 = Release|Any CPU
		{823CB7C0-CABA-4B4B-AA4D-336D519D6738}.Debug|Any CPU.ActiveCfg = Debug|Any CPU
		{823CB7C0-CABA-4B4B-AA4D-336D519D6738}.Debug|Any CPU.Build.0 = Debug|Any CPU
		{823CB7C0-CABA-4B4B-AA4D-336D519D6738}.Debug|x64.ActiveCfg = Debug|Any CPU
		{823CB7C0-CABA-4B4B-AA4D-336D519D6738}.Debug|x64.Build.0 = Debug|Any CPU
		{823CB7C0-CABA-4B4B-AA4D-336D519D6738}.Release|Any CPU.ActiveCfg = Release|Any CPU
		{823CB7C0-CABA-4B4B-AA4D-336D519D6738}.Release|Any CPU.Build.0 = Release|Any CPU
		{823CB7C0-CABA-4B4B-AA4D-336D519D6738}.Release|x64.ActiveCfg = Release|Any CPU
		{823CB7C0-CABA-4B4B-AA4D-336D519D6738}.Release|x64.Build.0 = Release|Any CPU
		{94F0FC2E-3A4D-44BD-9360-64E326FD4396}.Debug|Any CPU.ActiveCfg = Debug|Any CPU
		{94F0FC2E-3A4D-44BD-9360-64E326FD4396}.Debug|Any CPU.Build.0 = Debug|Any CPU
		{94F0FC2E-3A4D-44BD-9360-64E326FD4396}.Debug|x64.ActiveCfg = Debug|Any CPU
		{94F0FC2E-3A4D-44BD-9360-64E326FD4396}.Debug|x64.Build.0 = Debug|Any CPU
		{94F0FC2E-3A4D-44BD-9360-64E326FD4396}.Release|Any CPU.ActiveCfg = Release|Any CPU
		{94F0FC2E-3A4D-44BD-9360-64E326FD4396}.Release|Any CPU.Build.0 = Release|Any CPU
		{94F0FC2E-3A4D-44BD-9360-64E326FD4396}.Release|x64.ActiveCfg = Release|Any CPU
		{94F0FC2E-3A4D-44BD-9360-64E326FD4396}.Release|x64.Build.0 = Release|Any CPU
		{8EC4393A-66D1-41FB-90E1-B980DBF63EA2}.Debug|Any CPU.ActiveCfg = Debug|Any CPU
		{8EC4393A-66D1-41FB-90E1-B980DBF63EA2}.Debug|Any CPU.Build.0 = Debug|Any CPU
		{8EC4393A-66D1-41FB-90E1-B980DBF63EA2}.Debug|x64.ActiveCfg = Debug|Any CPU
		{8EC4393A-66D1-41FB-90E1-B980DBF63EA2}.Debug|x64.Build.0 = Debug|Any CPU
		{8EC4393A-66D1-41FB-90E1-B980DBF63EA2}.Release|Any CPU.ActiveCfg = Release|Any CPU
		{8EC4393A-66D1-41FB-90E1-B980DBF63EA2}.Release|Any CPU.Build.0 = Release|Any CPU
		{8EC4393A-66D1-41FB-90E1-B980DBF63EA2}.Release|x64.ActiveCfg = Release|Any CPU
		{8EC4393A-66D1-41FB-90E1-B980DBF63EA2}.Release|x64.Build.0 = Release|Any CPU
		{3C0FEBBF-AFD6-45FC-A135-901117D919A6}.Debug|Any CPU.ActiveCfg = Debug|Any CPU
		{3C0FEBBF-AFD6-45FC-A135-901117D919A6}.Debug|Any CPU.Build.0 = Debug|Any CPU
		{3C0FEBBF-AFD6-45FC-A135-901117D919A6}.Debug|x64.ActiveCfg = Debug|Any CPU
		{3C0FEBBF-AFD6-45FC-A135-901117D919A6}.Debug|x64.Build.0 = Debug|Any CPU
		{3C0FEBBF-AFD6-45FC-A135-901117D919A6}.Release|Any CPU.ActiveCfg = Release|Any CPU
		{3C0FEBBF-AFD6-45FC-A135-901117D919A6}.Release|Any CPU.Build.0 = Release|Any CPU
		{3C0FEBBF-AFD6-45FC-A135-901117D919A6}.Release|x64.ActiveCfg = Release|Any CPU
		{3C0FEBBF-AFD6-45FC-A135-901117D919A6}.Release|x64.Build.0 = Release|Any CPU
		{53F14EE6-CD79-46E5-8A38-0487794DE6BC}.Debug|Any CPU.ActiveCfg = Debug|Any CPU
		{53F14EE6-CD79-46E5-8A38-0487794DE6BC}.Debug|Any CPU.Build.0 = Debug|Any CPU
		{53F14EE6-CD79-46E5-8A38-0487794DE6BC}.Debug|x64.ActiveCfg = Debug|Any CPU
		{53F14EE6-CD79-46E5-8A38-0487794DE6BC}.Debug|x64.Build.0 = Debug|Any CPU
		{53F14EE6-CD79-46E5-8A38-0487794DE6BC}.Release|Any CPU.ActiveCfg = Release|Any CPU
		{53F14EE6-CD79-46E5-8A38-0487794DE6BC}.Release|Any CPU.Build.0 = Release|Any CPU
		{53F14EE6-CD79-46E5-8A38-0487794DE6BC}.Release|x64.ActiveCfg = Release|Any CPU
		{53F14EE6-CD79-46E5-8A38-0487794DE6BC}.Release|x64.Build.0 = Release|Any CPU
		{E32AE483-A754-4033-868B-F67F9F18FA2F}.Debug|Any CPU.ActiveCfg = Debug|Any CPU
		{E32AE483-A754-4033-868B-F67F9F18FA2F}.Debug|Any CPU.Build.0 = Debug|Any CPU
		{E32AE483-A754-4033-868B-F67F9F18FA2F}.Debug|x64.ActiveCfg = Debug|Any CPU
		{E32AE483-A754-4033-868B-F67F9F18FA2F}.Debug|x64.Build.0 = Debug|Any CPU
		{E32AE483-A754-4033-868B-F67F9F18FA2F}.Release|Any CPU.ActiveCfg = Release|Any CPU
		{E32AE483-A754-4033-868B-F67F9F18FA2F}.Release|Any CPU.Build.0 = Release|Any CPU
		{E32AE483-A754-4033-868B-F67F9F18FA2F}.Release|x64.ActiveCfg = Release|Any CPU
		{E32AE483-A754-4033-868B-F67F9F18FA2F}.Release|x64.Build.0 = Release|Any CPU
		{E111D43D-68E5-4B31-9385-6EF00775CEAD}.Debug|Any CPU.ActiveCfg = Debug|Any CPU
		{E111D43D-68E5-4B31-9385-6EF00775CEAD}.Debug|Any CPU.Build.0 = Debug|Any CPU
		{E111D43D-68E5-4B31-9385-6EF00775CEAD}.Debug|x64.ActiveCfg = Debug|Any CPU
		{E111D43D-68E5-4B31-9385-6EF00775CEAD}.Debug|x64.Build.0 = Debug|Any CPU
		{E111D43D-68E5-4B31-9385-6EF00775CEAD}.Release|Any CPU.ActiveCfg = Release|Any CPU
		{E111D43D-68E5-4B31-9385-6EF00775CEAD}.Release|Any CPU.Build.0 = Release|Any CPU
		{E111D43D-68E5-4B31-9385-6EF00775CEAD}.Release|x64.ActiveCfg = Release|Any CPU
		{E111D43D-68E5-4B31-9385-6EF00775CEAD}.Release|x64.Build.0 = Release|Any CPU
		{F9F03E52-5605-4BEC-827F-6FD7C6B28537}.Debug|Any CPU.ActiveCfg = Debug|Any CPU
		{F9F03E52-5605-4BEC-827F-6FD7C6B28537}.Debug|Any CPU.Build.0 = Debug|Any CPU
		{F9F03E52-5605-4BEC-827F-6FD7C6B28537}.Debug|x64.ActiveCfg = Debug|Any CPU
		{F9F03E52-5605-4BEC-827F-6FD7C6B28537}.Debug|x64.Build.0 = Debug|Any CPU
		{F9F03E52-5605-4BEC-827F-6FD7C6B28537}.Release|Any CPU.ActiveCfg = Release|Any CPU
		{F9F03E52-5605-4BEC-827F-6FD7C6B28537}.Release|Any CPU.Build.0 = Release|Any CPU
		{F9F03E52-5605-4BEC-827F-6FD7C6B28537}.Release|x64.ActiveCfg = Release|Any CPU
		{F9F03E52-5605-4BEC-827F-6FD7C6B28537}.Release|x64.Build.0 = Release|Any CPU
		{739A35E9-06FA-4AE6-9F70-870AAD0F8AFD}.Debug|Any CPU.ActiveCfg = Debug|Any CPU
		{739A35E9-06FA-4AE6-9F70-870AAD0F8AFD}.Debug|Any CPU.Build.0 = Debug|Any CPU
		{739A35E9-06FA-4AE6-9F70-870AAD0F8AFD}.Debug|x64.ActiveCfg = Debug|Any CPU
		{739A35E9-06FA-4AE6-9F70-870AAD0F8AFD}.Debug|x64.Build.0 = Debug|Any CPU
		{739A35E9-06FA-4AE6-9F70-870AAD0F8AFD}.Release|Any CPU.ActiveCfg = Release|Any CPU
		{739A35E9-06FA-4AE6-9F70-870AAD0F8AFD}.Release|Any CPU.Build.0 = Release|Any CPU
		{739A35E9-06FA-4AE6-9F70-870AAD0F8AFD}.Release|x64.ActiveCfg = Release|Any CPU
		{739A35E9-06FA-4AE6-9F70-870AAD0F8AFD}.Release|x64.Build.0 = Release|Any CPU
		{3CD82A43-0124-418C-9BDC-5436D2EC3CF6}.Debug|Any CPU.ActiveCfg = Debug|Any CPU
		{3CD82A43-0124-418C-9BDC-5436D2EC3CF6}.Debug|Any CPU.Build.0 = Debug|Any CPU
		{3CD82A43-0124-418C-9BDC-5436D2EC3CF6}.Debug|x64.ActiveCfg = Debug|Any CPU
		{3CD82A43-0124-418C-9BDC-5436D2EC3CF6}.Debug|x64.Build.0 = Debug|Any CPU
		{3CD82A43-0124-418C-9BDC-5436D2EC3CF6}.Release|Any CPU.ActiveCfg = Release|Any CPU
		{3CD82A43-0124-418C-9BDC-5436D2EC3CF6}.Release|Any CPU.Build.0 = Release|Any CPU
		{3CD82A43-0124-418C-9BDC-5436D2EC3CF6}.Release|x64.ActiveCfg = Release|Any CPU
		{3CD82A43-0124-418C-9BDC-5436D2EC3CF6}.Release|x64.Build.0 = Release|Any CPU
		{0E1B8A2A-2749-47C3-855F-8DDB49D728D5}.Debug|Any CPU.ActiveCfg = Debug|Any CPU
		{0E1B8A2A-2749-47C3-855F-8DDB49D728D5}.Debug|Any CPU.Build.0 = Debug|Any CPU
		{0E1B8A2A-2749-47C3-855F-8DDB49D728D5}.Debug|x64.ActiveCfg = Debug|Any CPU
		{0E1B8A2A-2749-47C3-855F-8DDB49D728D5}.Debug|x64.Build.0 = Debug|Any CPU
		{0E1B8A2A-2749-47C3-855F-8DDB49D728D5}.Release|Any CPU.ActiveCfg = Release|Any CPU
		{0E1B8A2A-2749-47C3-855F-8DDB49D728D5}.Release|Any CPU.Build.0 = Release|Any CPU
		{0E1B8A2A-2749-47C3-855F-8DDB49D728D5}.Release|x64.ActiveCfg = Release|Any CPU
		{0E1B8A2A-2749-47C3-855F-8DDB49D728D5}.Release|x64.Build.0 = Release|Any CPU
		{03B8897B-B89A-42A5-85EB-B24AE40AFE30}.Debug|Any CPU.ActiveCfg = Debug|Any CPU
		{03B8897B-B89A-42A5-85EB-B24AE40AFE30}.Debug|Any CPU.Build.0 = Debug|Any CPU
		{03B8897B-B89A-42A5-85EB-B24AE40AFE30}.Debug|x64.ActiveCfg = Debug|Any CPU
		{03B8897B-B89A-42A5-85EB-B24AE40AFE30}.Debug|x64.Build.0 = Debug|Any CPU
		{03B8897B-B89A-42A5-85EB-B24AE40AFE30}.Release|Any CPU.ActiveCfg = Release|Any CPU
		{03B8897B-B89A-42A5-85EB-B24AE40AFE30}.Release|Any CPU.Build.0 = Release|Any CPU
		{03B8897B-B89A-42A5-85EB-B24AE40AFE30}.Release|x64.ActiveCfg = Release|Any CPU
		{03B8897B-B89A-42A5-85EB-B24AE40AFE30}.Release|x64.Build.0 = Release|Any CPU
		{09DEEAB9-D4A0-46A6-8DD4-128CB842B6F5}.Debug|Any CPU.ActiveCfg = Debug|Any CPU
		{09DEEAB9-D4A0-46A6-8DD4-128CB842B6F5}.Debug|Any CPU.Build.0 = Debug|Any CPU
		{09DEEAB9-D4A0-46A6-8DD4-128CB842B6F5}.Debug|x64.ActiveCfg = Debug|Any CPU
		{09DEEAB9-D4A0-46A6-8DD4-128CB842B6F5}.Debug|x64.Build.0 = Debug|Any CPU
		{09DEEAB9-D4A0-46A6-8DD4-128CB842B6F5}.Release|Any CPU.ActiveCfg = Release|Any CPU
		{09DEEAB9-D4A0-46A6-8DD4-128CB842B6F5}.Release|Any CPU.Build.0 = Release|Any CPU
		{09DEEAB9-D4A0-46A6-8DD4-128CB842B6F5}.Release|x64.ActiveCfg = Release|Any CPU
		{09DEEAB9-D4A0-46A6-8DD4-128CB842B6F5}.Release|x64.Build.0 = Release|Any CPU
		{70DC9693-EE3E-4A15-8F6D-CE0F4F2A0E76}.Debug|Any CPU.ActiveCfg = Debug|Any CPU
		{70DC9693-EE3E-4A15-8F6D-CE0F4F2A0E76}.Debug|Any CPU.Build.0 = Debug|Any CPU
		{70DC9693-EE3E-4A15-8F6D-CE0F4F2A0E76}.Debug|x64.ActiveCfg = Debug|Any CPU
		{70DC9693-EE3E-4A15-8F6D-CE0F4F2A0E76}.Debug|x64.Build.0 = Debug|Any CPU
		{70DC9693-EE3E-4A15-8F6D-CE0F4F2A0E76}.Release|Any CPU.ActiveCfg = Release|Any CPU
		{70DC9693-EE3E-4A15-8F6D-CE0F4F2A0E76}.Release|Any CPU.Build.0 = Release|Any CPU
		{70DC9693-EE3E-4A15-8F6D-CE0F4F2A0E76}.Release|x64.ActiveCfg = Release|Any CPU
		{70DC9693-EE3E-4A15-8F6D-CE0F4F2A0E76}.Release|x64.Build.0 = Release|Any CPU
		{AB9D2A42-40DB-42D7-9297-13D9A9FF2F2F}.Debug|Any CPU.ActiveCfg = Debug|Any CPU
		{AB9D2A42-40DB-42D7-9297-13D9A9FF2F2F}.Debug|Any CPU.Build.0 = Debug|Any CPU
		{AB9D2A42-40DB-42D7-9297-13D9A9FF2F2F}.Debug|x64.ActiveCfg = Debug|Any CPU
		{AB9D2A42-40DB-42D7-9297-13D9A9FF2F2F}.Debug|x64.Build.0 = Debug|Any CPU
		{AB9D2A42-40DB-42D7-9297-13D9A9FF2F2F}.Release|Any CPU.ActiveCfg = Release|Any CPU
		{AB9D2A42-40DB-42D7-9297-13D9A9FF2F2F}.Release|Any CPU.Build.0 = Release|Any CPU
		{AB9D2A42-40DB-42D7-9297-13D9A9FF2F2F}.Release|x64.ActiveCfg = Release|Any CPU
		{AB9D2A42-40DB-42D7-9297-13D9A9FF2F2F}.Release|x64.Build.0 = Release|Any CPU
		{D14BA371-C8D0-4F01-881C-247C25F23907}.Debug|Any CPU.ActiveCfg = Debug|Any CPU
		{D14BA371-C8D0-4F01-881C-247C25F23907}.Debug|Any CPU.Build.0 = Debug|Any CPU
		{D14BA371-C8D0-4F01-881C-247C25F23907}.Debug|x64.ActiveCfg = Debug|x64
		{D14BA371-C8D0-4F01-881C-247C25F23907}.Debug|x64.Build.0 = Debug|x64
		{D14BA371-C8D0-4F01-881C-247C25F23907}.Release|Any CPU.ActiveCfg = Release|Any CPU
		{D14BA371-C8D0-4F01-881C-247C25F23907}.Release|Any CPU.Build.0 = Release|Any CPU
		{D14BA371-C8D0-4F01-881C-247C25F23907}.Release|x64.ActiveCfg = Release|x64
		{D14BA371-C8D0-4F01-881C-247C25F23907}.Release|x64.Build.0 = Release|x64
		{4EDC9F3A-DD1A-4383-9240-C1BB45A30C0A}.Debug|Any CPU.ActiveCfg = Debug|Any CPU
		{4EDC9F3A-DD1A-4383-9240-C1BB45A30C0A}.Debug|Any CPU.Build.0 = Debug|Any CPU
		{4EDC9F3A-DD1A-4383-9240-C1BB45A30C0A}.Debug|x64.ActiveCfg = Debug|Any CPU
		{4EDC9F3A-DD1A-4383-9240-C1BB45A30C0A}.Debug|x64.Build.0 = Debug|Any CPU
		{4EDC9F3A-DD1A-4383-9240-C1BB45A30C0A}.Release|Any CPU.ActiveCfg = Release|Any CPU
		{4EDC9F3A-DD1A-4383-9240-C1BB45A30C0A}.Release|Any CPU.Build.0 = Release|Any CPU
		{4EDC9F3A-DD1A-4383-9240-C1BB45A30C0A}.Release|x64.ActiveCfg = Release|Any CPU
		{4EDC9F3A-DD1A-4383-9240-C1BB45A30C0A}.Release|x64.Build.0 = Release|Any CPU
		{D2AD1132-96F9-45F0-9207-10CCB83C2963}.Debug|Any CPU.ActiveCfg = Debug|Any CPU
		{D2AD1132-96F9-45F0-9207-10CCB83C2963}.Debug|Any CPU.Build.0 = Debug|Any CPU
		{D2AD1132-96F9-45F0-9207-10CCB83C2963}.Debug|x64.ActiveCfg = Debug|x64
		{D2AD1132-96F9-45F0-9207-10CCB83C2963}.Debug|x64.Build.0 = Debug|x64
		{D2AD1132-96F9-45F0-9207-10CCB83C2963}.Release|Any CPU.ActiveCfg = Release|Any CPU
		{D2AD1132-96F9-45F0-9207-10CCB83C2963}.Release|Any CPU.Build.0 = Release|Any CPU
		{D2AD1132-96F9-45F0-9207-10CCB83C2963}.Release|x64.ActiveCfg = Release|x64
		{D2AD1132-96F9-45F0-9207-10CCB83C2963}.Release|x64.Build.0 = Release|x64
		{A843B0EF-FB48-427C-A865-3A321C37A972}.Debug|Any CPU.ActiveCfg = Debug|Any CPU
		{A843B0EF-FB48-427C-A865-3A321C37A972}.Debug|Any CPU.Build.0 = Debug|Any CPU
		{A843B0EF-FB48-427C-A865-3A321C37A972}.Debug|x64.ActiveCfg = Debug|Any CPU
		{A843B0EF-FB48-427C-A865-3A321C37A972}.Debug|x64.Build.0 = Debug|Any CPU
		{A843B0EF-FB48-427C-A865-3A321C37A972}.Release|Any CPU.ActiveCfg = Release|Any CPU
		{A843B0EF-FB48-427C-A865-3A321C37A972}.Release|Any CPU.Build.0 = Release|Any CPU
		{A843B0EF-FB48-427C-A865-3A321C37A972}.Release|x64.ActiveCfg = Release|Any CPU
		{A843B0EF-FB48-427C-A865-3A321C37A972}.Release|x64.Build.0 = Release|Any CPU
		{D3082F95-134D-477C-99DE-A71115FFA67E}.Debug|Any CPU.ActiveCfg = Debug|Any CPU
		{D3082F95-134D-477C-99DE-A71115FFA67E}.Debug|Any CPU.Build.0 = Debug|Any CPU
		{D3082F95-134D-477C-99DE-A71115FFA67E}.Debug|x64.ActiveCfg = Debug|Any CPU
		{D3082F95-134D-477C-99DE-A71115FFA67E}.Debug|x64.Build.0 = Debug|Any CPU
		{D3082F95-134D-477C-99DE-A71115FFA67E}.Release|Any CPU.ActiveCfg = Release|Any CPU
		{D3082F95-134D-477C-99DE-A71115FFA67E}.Release|Any CPU.Build.0 = Release|Any CPU
		{D3082F95-134D-477C-99DE-A71115FFA67E}.Release|x64.ActiveCfg = Release|Any CPU
		{D3082F95-134D-477C-99DE-A71115FFA67E}.Release|x64.Build.0 = Release|Any CPU
		{FBE4B667-16F2-4EFB-831E-BB5FBE952D3C}.Debug|Any CPU.ActiveCfg = Debug|Any CPU
		{FBE4B667-16F2-4EFB-831E-BB5FBE952D3C}.Debug|Any CPU.Build.0 = Debug|Any CPU
		{FBE4B667-16F2-4EFB-831E-BB5FBE952D3C}.Debug|x64.ActiveCfg = Debug|Any CPU
		{FBE4B667-16F2-4EFB-831E-BB5FBE952D3C}.Debug|x64.Build.0 = Debug|Any CPU
		{FBE4B667-16F2-4EFB-831E-BB5FBE952D3C}.Release|Any CPU.ActiveCfg = Release|Any CPU
		{FBE4B667-16F2-4EFB-831E-BB5FBE952D3C}.Release|Any CPU.Build.0 = Release|Any CPU
		{FBE4B667-16F2-4EFB-831E-BB5FBE952D3C}.Release|x64.ActiveCfg = Release|Any CPU
		{FBE4B667-16F2-4EFB-831E-BB5FBE952D3C}.Release|x64.Build.0 = Release|Any CPU
		{F4CF86E9-5A0C-4EFA-9C83-66AB6DD070EB}.Debug|Any CPU.ActiveCfg = Debug|Any CPU
		{F4CF86E9-5A0C-4EFA-9C83-66AB6DD070EB}.Debug|Any CPU.Build.0 = Debug|Any CPU
		{F4CF86E9-5A0C-4EFA-9C83-66AB6DD070EB}.Debug|x64.ActiveCfg = Debug|x64
		{F4CF86E9-5A0C-4EFA-9C83-66AB6DD070EB}.Debug|x64.Build.0 = Debug|x64
		{F4CF86E9-5A0C-4EFA-9C83-66AB6DD070EB}.Release|Any CPU.ActiveCfg = Release|Any CPU
		{F4CF86E9-5A0C-4EFA-9C83-66AB6DD070EB}.Release|Any CPU.Build.0 = Release|Any CPU
		{F4CF86E9-5A0C-4EFA-9C83-66AB6DD070EB}.Release|x64.ActiveCfg = Release|x64
		{F4CF86E9-5A0C-4EFA-9C83-66AB6DD070EB}.Release|x64.Build.0 = Release|x64
		{8EFFFDF2-674C-41DE-8E1C-8FDBFBECE41D}.Debug|Any CPU.ActiveCfg = Debug|Any CPU
		{8EFFFDF2-674C-41DE-8E1C-8FDBFBECE41D}.Debug|Any CPU.Build.0 = Debug|Any CPU
		{8EFFFDF2-674C-41DE-8E1C-8FDBFBECE41D}.Debug|x64.ActiveCfg = Debug|Any CPU
		{8EFFFDF2-674C-41DE-8E1C-8FDBFBECE41D}.Debug|x64.Build.0 = Debug|Any CPU
		{8EFFFDF2-674C-41DE-8E1C-8FDBFBECE41D}.Release|Any CPU.ActiveCfg = Release|Any CPU
		{8EFFFDF2-674C-41DE-8E1C-8FDBFBECE41D}.Release|Any CPU.Build.0 = Release|Any CPU
		{8EFFFDF2-674C-41DE-8E1C-8FDBFBECE41D}.Release|x64.ActiveCfg = Release|Any CPU
		{8EFFFDF2-674C-41DE-8E1C-8FDBFBECE41D}.Release|x64.Build.0 = Release|Any CPU
		{6ECBA998-1E80-4EFC-8080-99F0CEBEEEFE}.Debug|Any CPU.ActiveCfg = Debug|Any CPU
		{6ECBA998-1E80-4EFC-8080-99F0CEBEEEFE}.Debug|Any CPU.Build.0 = Debug|Any CPU
		{6ECBA998-1E80-4EFC-8080-99F0CEBEEEFE}.Debug|x64.ActiveCfg = Debug|Any CPU
		{6ECBA998-1E80-4EFC-8080-99F0CEBEEEFE}.Debug|x64.Build.0 = Debug|Any CPU
		{6ECBA998-1E80-4EFC-8080-99F0CEBEEEFE}.Release|Any CPU.ActiveCfg = Release|Any CPU
		{6ECBA998-1E80-4EFC-8080-99F0CEBEEEFE}.Release|Any CPU.Build.0 = Release|Any CPU
		{6ECBA998-1E80-4EFC-8080-99F0CEBEEEFE}.Release|x64.ActiveCfg = Release|Any CPU
		{6ECBA998-1E80-4EFC-8080-99F0CEBEEEFE}.Release|x64.Build.0 = Release|Any CPU
		{F14552CD-AD4F-470E-81B5-4A4FFE6C7E59}.Debug|Any CPU.ActiveCfg = Debug|Any CPU
		{F14552CD-AD4F-470E-81B5-4A4FFE6C7E59}.Debug|Any CPU.Build.0 = Debug|Any CPU
		{F14552CD-AD4F-470E-81B5-4A4FFE6C7E59}.Debug|x64.ActiveCfg = Debug|Any CPU
		{F14552CD-AD4F-470E-81B5-4A4FFE6C7E59}.Debug|x64.Build.0 = Debug|Any CPU
		{F14552CD-AD4F-470E-81B5-4A4FFE6C7E59}.Release|Any CPU.ActiveCfg = Release|Any CPU
		{F14552CD-AD4F-470E-81B5-4A4FFE6C7E59}.Release|Any CPU.Build.0 = Release|Any CPU
		{F14552CD-AD4F-470E-81B5-4A4FFE6C7E59}.Release|x64.ActiveCfg = Release|Any CPU
		{F14552CD-AD4F-470E-81B5-4A4FFE6C7E59}.Release|x64.Build.0 = Release|Any CPU
		{9D2F9B47-6F34-4393-B612-51AE0AC83093}.Debug|Any CPU.ActiveCfg = Debug|Any CPU
		{9D2F9B47-6F34-4393-B612-51AE0AC83093}.Debug|Any CPU.Build.0 = Debug|Any CPU
		{9D2F9B47-6F34-4393-B612-51AE0AC83093}.Debug|x64.ActiveCfg = Debug|Any CPU
		{9D2F9B47-6F34-4393-B612-51AE0AC83093}.Debug|x64.Build.0 = Debug|Any CPU
		{9D2F9B47-6F34-4393-B612-51AE0AC83093}.Release|Any CPU.ActiveCfg = Release|Any CPU
		{9D2F9B47-6F34-4393-B612-51AE0AC83093}.Release|Any CPU.Build.0 = Release|Any CPU
		{9D2F9B47-6F34-4393-B612-51AE0AC83093}.Release|x64.ActiveCfg = Release|Any CPU
		{9D2F9B47-6F34-4393-B612-51AE0AC83093}.Release|x64.Build.0 = Release|Any CPU
	EndGlobalSection
	GlobalSection(SolutionProperties) = preSolution
		HideSolutionNode = FALSE
	EndGlobalSection
	GlobalSection(NestedProjects) = preSolution
		{A7EE3E9D-2A1D-4281-93F5-DF3FD7EE8101} = {C6B208BF-13D8-4716-B836-947C272C779B}
		{690A6CF8-FB25-4AB4-972A-8DBF075AD20A} = {A7EE3E9D-2A1D-4281-93F5-DF3FD7EE8101}
		{AD89F3CF-DE9F-4BEE-949A-67C8237BC034} = {A7EE3E9D-2A1D-4281-93F5-DF3FD7EE8101}
		{2C06375B-7587-4FC8-AAD9-5E06B1E28E12} = {D50A5F5E-254D-434B-9161-D9AD6D04F71C}
		{8EBD0A30-B0DC-4F20-9D19-AEA3C4CCCE8E} = {D50A5F5E-254D-434B-9161-D9AD6D04F71C}
		{BD331CAC-E41A-4DD1-A64C-DBB0980F43BE} = {8EBD0A30-B0DC-4F20-9D19-AEA3C4CCCE8E}
		{4FAEA3BB-11B7-4F67-A647-2DEE3D1EEDF2} = {8EBD0A30-B0DC-4F20-9D19-AEA3C4CCCE8E}
		{DECCA851-1D33-4B2B-8DC7-FFBC310E508B} = {8EBD0A30-B0DC-4F20-9D19-AEA3C4CCCE8E}
		{324D642A-7F8F-452B-999D-5E4EC43FCB61} = {2C06375B-7587-4FC8-AAD9-5E06B1E28E12}
		{5628C460-E25A-45FC-B389-F35746EFC62F} = {2C06375B-7587-4FC8-AAD9-5E06B1E28E12}
		{8883E73E-50D5-48A4-A994-A5E708DB4B2D} = {83207863-73F9-4429-8D12-21A7D1FCB21A}
		{CDD8C7E9-D5F0-443B-B0F5-8CA6B74F758A} = {408C35D1-5CCB-490A-A64A-A997258075DD}
		{ECC0AC14-1021-426D-A266-C28B12DC2368} = {652109D0-FD77-469C-A213-28B8A90A2162}
		{408C35D1-5CCB-490A-A64A-A997258075DD} = {F4C92450-9447-4A84-B244-BDAE7BFD32FA}
		{3D3F0A8C-E6DE-4738-A9F5-247F714A28E1} = {F4C92450-9447-4A84-B244-BDAE7BFD32FA}
		{652109D0-FD77-469C-A213-28B8A90A2162} = {F4C92450-9447-4A84-B244-BDAE7BFD32FA}
		{1758F00D-533F-4134-AF73-E29B10975191} = {728B34EC-80A7-49C0-815F-A77449F00DB5}
		{15E85B5F-47B1-4841-B9CC-2768C194B7DE} = {728B34EC-80A7-49C0-815F-A77449F00DB5}
		{3B9298D9-6C4C-42B7-AAFA-00A9D8CB036F} = {728B34EC-80A7-49C0-815F-A77449F00DB5}
		{728B34EC-80A7-49C0-815F-A77449F00DB5} = {3D3F0A8C-E6DE-4738-A9F5-247F714A28E1}
		{1867C9BD-68D8-47CF-B6B0-B797F06FDDF1} = {3D3F0A8C-E6DE-4738-A9F5-247F714A28E1}
		{EECB518F-9EB3-4B50-A8B6-E188A2EF232C} = {1867C9BD-68D8-47CF-B6B0-B797F06FDDF1}
		{42EE2374-9944-45EA-9C32-5ED26ED5DEC0} = {1867C9BD-68D8-47CF-B6B0-B797F06FDDF1}
		{7BBDBA0F-F0E1-442B-81F0-27F5CAC0F758} = {1867C9BD-68D8-47CF-B6B0-B797F06FDDF1}
		{E2564310-E5FA-439A-ABFA-CF1B00E45F1B} = {1867C9BD-68D8-47CF-B6B0-B797F06FDDF1}
		{8E54EE02-AADC-4EE2-B704-FC97A9A50733} = {1867C9BD-68D8-47CF-B6B0-B797F06FDDF1}
		{3FC480B0-20E4-4C66-8456-7A225B366262} = {1867C9BD-68D8-47CF-B6B0-B797F06FDDF1}
		{24B95157-02CA-4A05-A388-3E1F18BBBF01} = {1867C9BD-68D8-47CF-B6B0-B797F06FDDF1}
		{B555D1A1-E0B2-48E7-BF75-41B4614623B8} = {1867C9BD-68D8-47CF-B6B0-B797F06FDDF1}
		{D53C61CE-BEF5-47F5-9991-4954D681CA88} = {1867C9BD-68D8-47CF-B6B0-B797F06FDDF1}
		{2A85B54F-313A-47FF-A2C0-7C0EB8D3A433} = {7E8122E8-3F81-49F4-BD91-0B7BF62A7AD7}
		{8FFD8F65-CCD7-4546-9A37-70D27016A84D} = {7E8122E8-3F81-49F4-BD91-0B7BF62A7AD7}
		{05361F43-57E3-4E6E-A6F7-44963AD7FE49} = {7E8122E8-3F81-49F4-BD91-0B7BF62A7AD7}
		{E7208270-5885-4739-9582-A40B3F2A4256} = {2A85B54F-313A-47FF-A2C0-7C0EB8D3A433}
		{AB24F6A9-6514-4F09-BD5A-C22F6942B994} = {05361F43-57E3-4E6E-A6F7-44963AD7FE49}
		{23EA543C-24E9-460C-9D36-B72FB3F06094} = {8FFD8F65-CCD7-4546-9A37-70D27016A84D}
		{8D64AA41-21F2-4CB5-AF1C-D66C94A8770A} = {23EA543C-24E9-460C-9D36-B72FB3F06094}
		{88A2F315-4AF3-4AEE-BC7B-D7229415F9FE} = {23EA543C-24E9-460C-9D36-B72FB3F06094}
		{795FF90C-8D11-4D8C-B52F-B13D5EEFD91C} = {23EA543C-24E9-460C-9D36-B72FB3F06094}
		{44E8AC92-84BD-404E-A916-B4BC639F48E0} = {8FFD8F65-CCD7-4546-9A37-70D27016A84D}
		{FB511279-CBB6-482D-8936-6E2037D86594} = {8FFD8F65-CCD7-4546-9A37-70D27016A84D}
		{98E249C9-1D63-49B9-9299-6C52DC290C43} = {8FFD8F65-CCD7-4546-9A37-70D27016A84D}
		{6C39F7CE-A125-4CB1-874A-E6483BFE2ACC} = {8FFD8F65-CCD7-4546-9A37-70D27016A84D}
		{35B05F48-7E7D-4B54-8E87-C0682C350B07} = {23EA543C-24E9-460C-9D36-B72FB3F06094}
		{F0B69098-56F1-477D-A0D3-3C3F94732F8F} = {8D64AA41-21F2-4CB5-AF1C-D66C94A8770A}
		{968743A2-EB22-4DEC-9DAB-F7B225016E9C} = {88A2F315-4AF3-4AEE-BC7B-D7229415F9FE}
		{2559834D-3AEB-45A7-B7F2-6477D8D07D7C} = {795FF90C-8D11-4D8C-B52F-B13D5EEFD91C}
		{D5E5C4D6-22D6-472F-9630-51F9963CE414} = {44E8AC92-84BD-404E-A916-B4BC639F48E0}
		{9F19511B-094E-43DC-8C8E-96A751EC175D} = {6C39F7CE-A125-4CB1-874A-E6483BFE2ACC}
		{0A4F3735-3A7D-4158-A983-A8CA9314DD96} = {35B05F48-7E7D-4B54-8E87-C0682C350B07}
		{81C90ED6-0EA7-43E7-9236-4B34BD7CB1A4} = {98E249C9-1D63-49B9-9299-6C52DC290C43}
		{E50FE43D-66D5-45D4-9531-C1A1F19D47D1} = {98E249C9-1D63-49B9-9299-6C52DC290C43}
		{63D326EC-8F46-4DE9-8E00-01381BCFA658} = {98E249C9-1D63-49B9-9299-6C52DC290C43}
		{BD8166C7-DB35-473E-A341-36765F8499B6} = {98E249C9-1D63-49B9-9299-6C52DC290C43}
		{53FE648B-AEAB-4226-AC8E-33E5CF1D2636} = {81C90ED6-0EA7-43E7-9236-4B34BD7CB1A4}
		{9CBFD90A-DBB6-445A-B679-FC7AB3523651} = {E50FE43D-66D5-45D4-9531-C1A1F19D47D1}
		{FB5FF879-2053-419F-8694-78CB547F7950} = {63D326EC-8F46-4DE9-8E00-01381BCFA658}
		{57540C2F-D50A-4E18-A77C-8505044A78E2} = {BD8166C7-DB35-473E-A341-36765F8499B6}
		{5D57515F-35A2-42C5-B2EB-BA8AE40A815E} = {D50A5F5E-254D-434B-9161-D9AD6D04F71C}
		{510AD618-922B-4C7C-AA79-7D834248FEA5} = {5D57515F-35A2-42C5-B2EB-BA8AE40A815E}
		{6BA129B6-B14F-4E7A-9C1D-83BB64B3C943} = {5D57515F-35A2-42C5-B2EB-BA8AE40A815E}
		{CCFF3756-47D4-490E-97BB-76A648D00D3D} = {5D57515F-35A2-42C5-B2EB-BA8AE40A815E}
		{1F592028-A73A-4AF2-9798-728D6269066F} = {5D57515F-35A2-42C5-B2EB-BA8AE40A815E}
		{4EA5AFF2-FF42-4A68-926A-898CCE21E862} = {CCFF3756-47D4-490E-97BB-76A648D00D3D}
		{46F818FE-9007-4DD3-B27D-CE72AFB8FBD6} = {CCFF3756-47D4-490E-97BB-76A648D00D3D}
		{743C78D7-CAA4-4E10-9ACC-98034F28BDC9} = {CCFF3756-47D4-490E-97BB-76A648D00D3D}
		{823CB7C0-CABA-4B4B-AA4D-336D519D6738} = {CCFF3756-47D4-490E-97BB-76A648D00D3D}
		{94F0FC2E-3A4D-44BD-9360-64E326FD4396} = {CCFF3756-47D4-490E-97BB-76A648D00D3D}
		{8EC4393A-66D1-41FB-90E1-B980DBF63EA2} = {CCFF3756-47D4-490E-97BB-76A648D00D3D}
		{3C0FEBBF-AFD6-45FC-A135-901117D919A6} = {CCFF3756-47D4-490E-97BB-76A648D00D3D}
		{53F14EE6-CD79-46E5-8A38-0487794DE6BC} = {CCFF3756-47D4-490E-97BB-76A648D00D3D}
		{E32AE483-A754-4033-868B-F67F9F18FA2F} = {CCFF3756-47D4-490E-97BB-76A648D00D3D}
		{E111D43D-68E5-4B31-9385-6EF00775CEAD} = {1F592028-A73A-4AF2-9798-728D6269066F}
		{F9F03E52-5605-4BEC-827F-6FD7C6B28537} = {82D650B3-B7AF-487A-BE30-F363C65E3708}
		{7F53D8C8-F613-48F6-9066-91EFEE831238} = {82D650B3-B7AF-487A-BE30-F363C65E3708}
		{739A35E9-06FA-4AE6-9F70-870AAD0F8AFD} = {7F53D8C8-F613-48F6-9066-91EFEE831238}
		{3CD82A43-0124-418C-9BDC-5436D2EC3CF6} = {18AC7665-9FAB-44DB-B202-2BF97E139EA8}
		{18AC7665-9FAB-44DB-B202-2BF97E139EA8} = {8FFD8F65-CCD7-4546-9A37-70D27016A84D}
		{5ABDAC90-B188-441F-98E8-DCBE9A51B6E5} = {83207863-73F9-4429-8D12-21A7D1FCB21A}
		{0E1B8A2A-2749-47C3-855F-8DDB49D728D5} = {5ABDAC90-B188-441F-98E8-DCBE9A51B6E5}
		{03B8897B-B89A-42A5-85EB-B24AE40AFE30} = {2C06375B-7587-4FC8-AAD9-5E06B1E28E12}
		{510AD32D-DAE4-45E5-85AA-F12F07BA4DE2} = {3D3F0A8C-E6DE-4738-A9F5-247F714A28E1}
		{09DEEAB9-D4A0-46A6-8DD4-128CB842B6F5} = {510AD32D-DAE4-45E5-85AA-F12F07BA4DE2}
		{C1135E11-6C13-4F18-82ED-229AFF1E5703} = {3D3F0A8C-E6DE-4738-A9F5-247F714A28E1}
		{70DC9693-EE3E-4A15-8F6D-CE0F4F2A0E76} = {C1135E11-6C13-4F18-82ED-229AFF1E5703}
		{AB9D2A42-40DB-42D7-9297-13D9A9FF2F2F} = {C1135E11-6C13-4F18-82ED-229AFF1E5703}
		{D14BA371-C8D0-4F01-881C-247C25F23907} = {C1135E11-6C13-4F18-82ED-229AFF1E5703}
		{4EDC9F3A-DD1A-4383-9240-C1BB45A30C0A} = {C1135E11-6C13-4F18-82ED-229AFF1E5703}
		{393667D5-83E2-4C4E-B38A-88E7E50932CE} = {23EA543C-24E9-460C-9D36-B72FB3F06094}
		{D2AD1132-96F9-45F0-9207-10CCB83C2963} = {393667D5-83E2-4C4E-B38A-88E7E50932CE}
		{A843B0EF-FB48-427C-A865-3A321C37A972} = {393667D5-83E2-4C4E-B38A-88E7E50932CE}
		{D3082F95-134D-477C-99DE-A71115FFA67E} = {393667D5-83E2-4C4E-B38A-88E7E50932CE}
		{FBE4B667-16F2-4EFB-831E-BB5FBE952D3C} = {44E8AC92-84BD-404E-A916-B4BC639F48E0}
		{F4CF86E9-5A0C-4EFA-9C83-66AB6DD070EB} = {44E8AC92-84BD-404E-A916-B4BC639F48E0}
		{8EFFFDF2-674C-41DE-8E1C-8FDBFBECE41D} = {44E8AC92-84BD-404E-A916-B4BC639F48E0}
		{74681D67-C7A4-431A-AE65-132795694208} = {8FFD8F65-CCD7-4546-9A37-70D27016A84D}
		{6ECBA998-1E80-4EFC-8080-99F0CEBEEEFE} = {74681D67-C7A4-431A-AE65-132795694208}
		{F14552CD-AD4F-470E-81B5-4A4FFE6C7E59} = {180D1FE0-539A-443B-BCD1-29A9EE4706FC}
		{180D1FE0-539A-443B-BCD1-29A9EE4706FC} = {FB511279-CBB6-482D-8936-6E2037D86594}
		{B2CC4E72-C697-4DEC-91D4-61A1C861BAA7} = {FB511279-CBB6-482D-8936-6E2037D86594}
		{9D2F9B47-6F34-4393-B612-51AE0AC83093} = {B2CC4E72-C697-4DEC-91D4-61A1C861BAA7}
	EndGlobalSection
	GlobalSection(ExtensibilityGlobals) = postSolution
		SolutionGuid = {AD9BC10B-740B-4A75-ADA9-5BB26355B60F}
	EndGlobalSection
EndGlobal
